// !$*UTF8*$!
{
	archiveVersion = 1;
	classes = {
	};
	objectVersion = 46;
	objects = {

/* Begin PBXBuildFile section */
		185AB1A1145205D7009AF571 /* freeimage-iphone.a in Frameworks */ = {isa = PBXBuildFile; fileRef = 185AB181145205B9009AF571 /* freeimage-iphone.a */; };
		185AB1A2145205E4009AF571 /* libfreeimage.a in Frameworks */ = {isa = PBXBuildFile; fileRef = 185AB183145205BA009AF571 /* libfreeimage.a */; };
		185AB1A3145205F8009AF571 /* libfreeimage.a in Frameworks */ = {isa = PBXBuildFile; fileRef = 185AB185145205BB009AF571 /* libfreeimage.a */; };
		185AB1A414520602009AF571 /* freeimage.a in Frameworks */ = {isa = PBXBuildFile; fileRef = 185AB187145205BC009AF571 /* freeimage.a */; };
		185AB1A51452060D009AF571 /* FreeImage.lib in Frameworks */ = {isa = PBXBuildFile; fileRef = 185AB189145205C1009AF571 /* FreeImage.lib */; };
		185AB1A61452061C009AF571 /* FreeImage.lib in Frameworks */ = {isa = PBXBuildFile; fileRef = 185AB18B145205C3009AF571 /* FreeImage.lib */; };
		185AB1A71452062D009AF571 /* FreeImage.lib in Frameworks */ = {isa = PBXBuildFile; fileRef = 185AB18D145205C7009AF571 /* FreeImage.lib */; };
		185AB1A81452063F009AF571 /* GLee.c in Sources */ = {isa = PBXBuildFile; fileRef = 185AB194145205CB009AF571 /* GLee.c */; };
		185AB1A91452063F009AF571 /* libGLee.a in Frameworks */ = {isa = PBXBuildFile; fileRef = 185AB195145205CB009AF571 /* libGLee.a */; };
		185AB1AA1452063F009AF571 /* libGLee.a in Frameworks */ = {isa = PBXBuildFile; fileRef = 185AB198145205CC009AF571 /* libGLee.a */; };
		185AB1AB1452063F009AF571 /* GLee.a in Frameworks */ = {isa = PBXBuildFile; fileRef = 185AB19A145205CD009AF571 /* GLee.a */; };
		185AB1AC1452063F009AF571 /* GLee.lib in Frameworks */ = {isa = PBXBuildFile; fileRef = 185AB19C145205CE009AF571 /* GLee.lib */; };
		185AB1AD1452063F009AF571 /* GLee.lib in Frameworks */ = {isa = PBXBuildFile; fileRef = 185AB19E145205D2009AF571 /* GLee.lib */; };
		185AB1AE1452063F009AF571 /* GLee.lib in Frameworks */ = {isa = PBXBuildFile; fileRef = 185AB1A0145205D6009AF571 /* GLee.lib */; };
		185CE825131DD0FE002DEA21 /* actor.cpp in Sources */ = {isa = PBXBuildFile; fileRef = 185CE7E9131DD0FE002DEA21 /* actor.cpp */; };
		185CE826131DD0FE002DEA21 /* basicButton.cpp in Sources */ = {isa = PBXBuildFile; fileRef = 185CE7EC131DD0FE002DEA21 /* basicButton.cpp */; };
		185CE827131DD0FE002DEA21 /* boneActor.cpp in Sources */ = {isa = PBXBuildFile; fileRef = 185CE7EE131DD0FE002DEA21 /* boneActor.cpp */; };
		185CE828131DD0FE002DEA21 /* colladaLoader.cpp in Sources */ = {isa = PBXBuildFile; fileRef = 185CE7F0131DD0FE002DEA21 /* colladaLoader.cpp */; };
		185CE829131DD0FE002DEA21 /* input.cpp in Sources */ = {isa = PBXBuildFile; fileRef = 185CE7F3131DD0FE002DEA21 /* input.cpp */; };
		185CE82A131DD0FE002DEA21 /* interpolationHelper.cpp in Sources */ = {isa = PBXBuildFile; fileRef = 185CE7F4131DD0FE002DEA21 /* interpolationHelper.cpp */; };
		185CE82B131DD0FE002DEA21 /* layer.cpp in Sources */ = {isa = PBXBuildFile; fileRef = 185CE7F6131DD0FE002DEA21 /* layer.cpp */; };
		185CE82C131DD0FE002DEA21 /* meshData.cpp in Sources */ = {isa = PBXBuildFile; fileRef = 185CE7F8131DD0FE002DEA21 /* meshData.cpp */; };
		185CE82D131DD0FE002DEA21 /* assignButton.cpp in Sources */ = {isa = PBXBuildFile; fileRef = 185CE7FB131DD0FE002DEA21 /* assignButton.cpp */; };
		185CE82E131DD0FE002DEA21 /* listButton.cpp in Sources */ = {isa = PBXBuildFile; fileRef = 185CE7FD131DD0FE002DEA21 /* listButton.cpp */; };
		185CE82F131DD0FE002DEA21 /* moveButton.cpp in Sources */ = {isa = PBXBuildFile; fileRef = 185CE7FF131DD0FE002DEA21 /* moveButton.cpp */; };
		185CE830131DD0FE002DEA21 /* rotateButton.cpp in Sources */ = {isa = PBXBuildFile; fileRef = 185CE801131DD0FE002DEA21 /* rotateButton.cpp */; };
		185CE831131DD0FE002DEA21 /* sliderButton.cpp in Sources */ = {isa = PBXBuildFile; fileRef = 185CE803131DD0FE002DEA21 /* sliderButton.cpp */; };
		185CE832131DD0FE002DEA21 /* textInputButton.cpp in Sources */ = {isa = PBXBuildFile; fileRef = 185CE805131DD0FE002DEA21 /* textInputButton.cpp */; };
		185CE833131DD0FE002DEA21 /* userPopUp.cpp in Sources */ = {isa = PBXBuildFile; fileRef = 185CE807131DD0FE002DEA21 /* userPopUp.cpp */; };
		185CE834131DD0FE002DEA21 /* msbLight.cpp in Sources */ = {isa = PBXBuildFile; fileRef = 185CE809131DD0FE002DEA21 /* msbLight.cpp */; };
		185CE835131DD0FE002DEA21 /* node.cpp in Sources */ = {isa = PBXBuildFile; fileRef = 185CE80C131DD0FE002DEA21 /* node.cpp */; };
		185CE836131DD0FE002DEA21 /* nodeIO.cpp in Sources */ = {isa = PBXBuildFile; fileRef = 185CE80E131DD0FE002DEA21 /* nodeIO.cpp */; };
		185CE837131DD0FE002DEA21 /* particleSystem.cpp in Sources */ = {isa = PBXBuildFile; fileRef = 185CE810131DD0FE002DEA21 /* particleSystem.cpp */; };
		185CE838131DD0FE002DEA21 /* renderer.cpp in Sources */ = {isa = PBXBuildFile; fileRef = 185CE813131DD0FE002DEA21 /* renderer.cpp */; };
		185CE839131DD0FE002DEA21 /* skeletalActor.cpp in Sources */ = {isa = PBXBuildFile; fileRef = 185CE815131DD0FE002DEA21 /* skeletalActor.cpp */; };
		185CE83A131DD0FE002DEA21 /* skeletalDrawing.cpp in Sources */ = {isa = PBXBuildFile; fileRef = 185CE817131DD0FE002DEA21 /* skeletalDrawing.cpp */; };
		185CE83B131DD0FE002DEA21 /* spriteMeshLoader.cpp in Sources */ = {isa = PBXBuildFile; fileRef = 185CE819131DD0FE002DEA21 /* spriteMeshLoader.cpp */; };
		185CE83C131DD0FE002DEA21 /* textfile.cpp in Sources */ = {isa = PBXBuildFile; fileRef = 185CE81B131DD0FE002DEA21 /* textfile.cpp */; };
		185CE83D131DD0FE002DEA21 /* tinyxml.cpp in Sources */ = {isa = PBXBuildFile; fileRef = 185CE81E131DD0FE002DEA21 /* tinyxml.cpp */; };
		185CE83E131DD0FE002DEA21 /* tinyxmlerror.cpp in Sources */ = {isa = PBXBuildFile; fileRef = 185CE820131DD0FE002DEA21 /* tinyxmlerror.cpp */; };
		185CE83F131DD0FE002DEA21 /* tinyxmlparser.cpp in Sources */ = {isa = PBXBuildFile; fileRef = 185CE821131DD0FE002DEA21 /* tinyxmlparser.cpp */; };
		185CE840131DD0FE002DEA21 /* vmath.cpp in Sources */ = {isa = PBXBuildFile; fileRef = 185CE823131DD0FE002DEA21 /* vmath.cpp */; };
		185CE86F131DDCA8002DEA21 /* openFrameworks.a in Frameworks */ = {isa = PBXBuildFile; fileRef = 185CE86D131DDCA8002DEA21 /* openFrameworks.a */; };
		185CE870131DDCA8002DEA21 /* openFrameworksDebug.a in Frameworks */ = {isa = PBXBuildFile; fileRef = 185CE86E131DDCA8002DEA21 /* openFrameworksDebug.a */; };
		307525F511CA84AF007EB8FF /* ofxThread.cpp in Sources */ = {isa = PBXBuildFile; fileRef = 307525F311CA84AF007EB8FF /* ofxThread.cpp */; };
		3077439D11CC21820022444F /* openCV.a in Frameworks */ = {isa = PBXBuildFile; fileRef = 3077438B11CC21820022444F /* openCV.a */; };
		3077439E11CC21820022444F /* ofxCvColorImage.cpp in Sources */ = {isa = PBXBuildFile; fileRef = 3077438E11CC21820022444F /* ofxCvColorImage.cpp */; };
		3077439F11CC21820022444F /* ofxCvContourFinder.cpp in Sources */ = {isa = PBXBuildFile; fileRef = 3077439111CC21820022444F /* ofxCvContourFinder.cpp */; };
		307743A011CC21820022444F /* ofxCvFloatImage.cpp in Sources */ = {isa = PBXBuildFile; fileRef = 3077439311CC21820022444F /* ofxCvFloatImage.cpp */; };
		307743A111CC21820022444F /* ofxCvGrayscaleImage.cpp in Sources */ = {isa = PBXBuildFile; fileRef = 3077439511CC21820022444F /* ofxCvGrayscaleImage.cpp */; };
		307743A211CC21820022444F /* ofxCvImage.cpp in Sources */ = {isa = PBXBuildFile; fileRef = 3077439711CC21820022444F /* ofxCvImage.cpp */; };
		307743A311CC21820022444F /* ofxCvShortImage.cpp in Sources */ = {isa = PBXBuildFile; fileRef = 3077439A11CC21820022444F /* ofxCvShortImage.cpp */; };
		E45BE2E40E8CC69C009D7055 /* rtAudio.a in Frameworks */ = {isa = PBXBuildFile; fileRef = E45BE2E30E8CC69C009D7055 /* rtAudio.a */; };
		E45BE97B0E8CC7DD009D7055 /* AGL.framework in Frameworks */ = {isa = PBXBuildFile; fileRef = E45BE9710E8CC7DD009D7055 /* AGL.framework */; };
		E45BE97C0E8CC7DD009D7055 /* ApplicationServices.framework in Frameworks */ = {isa = PBXBuildFile; fileRef = E45BE9720E8CC7DD009D7055 /* ApplicationServices.framework */; };
		E45BE97D0E8CC7DD009D7055 /* AudioToolbox.framework in Frameworks */ = {isa = PBXBuildFile; fileRef = E45BE9730E8CC7DD009D7055 /* AudioToolbox.framework */; };
		E45BE97E0E8CC7DD009D7055 /* Carbon.framework in Frameworks */ = {isa = PBXBuildFile; fileRef = E45BE9740E8CC7DD009D7055 /* Carbon.framework */; };
		E45BE97F0E8CC7DD009D7055 /* CoreAudio.framework in Frameworks */ = {isa = PBXBuildFile; fileRef = E45BE9750E8CC7DD009D7055 /* CoreAudio.framework */; };
		E45BE9800E8CC7DD009D7055 /* CoreFoundation.framework in Frameworks */ = {isa = PBXBuildFile; fileRef = E45BE9760E8CC7DD009D7055 /* CoreFoundation.framework */; };
		E45BE9810E8CC7DD009D7055 /* CoreServices.framework in Frameworks */ = {isa = PBXBuildFile; fileRef = E45BE9770E8CC7DD009D7055 /* CoreServices.framework */; };
		E45BE9830E8CC7DD009D7055 /* OpenGL.framework in Frameworks */ = {isa = PBXBuildFile; fileRef = E45BE9790E8CC7DD009D7055 /* OpenGL.framework */; };
		E45BE9840E8CC7DD009D7055 /* QuickTime.framework in Frameworks */ = {isa = PBXBuildFile; fileRef = E45BE97A0E8CC7DD009D7055 /* QuickTime.framework */; };
		E4B69E200A3A1BDC003C02F2 /* main.cpp in Sources */ = {isa = PBXBuildFile; fileRef = E4B69E1D0A3A1BDC003C02F2 /* main.cpp */; };
		E4B69E210A3A1BDC003C02F2 /* testApp.cpp in Sources */ = {isa = PBXBuildFile; fileRef = E4B69E1E0A3A1BDC003C02F2 /* testApp.cpp */; };
		E4C2424710CC5A17004149E2 /* AppKit.framework in Frameworks */ = {isa = PBXBuildFile; fileRef = E4C2424410CC5A17004149E2 /* AppKit.framework */; };
		E4C2424810CC5A17004149E2 /* Cocoa.framework in Frameworks */ = {isa = PBXBuildFile; fileRef = E4C2424510CC5A17004149E2 /* Cocoa.framework */; };
		E4C2424910CC5A17004149E2 /* IOKit.framework in Frameworks */ = {isa = PBXBuildFile; fileRef = E4C2424610CC5A17004149E2 /* IOKit.framework */; };
		E4C2426610CC5A78004149E2 /* GLUT.framework in Frameworks */ = {isa = PBXBuildFile; fileRef = E4C2425F10CC5A78004149E2 /* GLUT.framework */; };
		E4C2426B10CC5AA6004149E2 /* GLUT.framework in CopyFiles */ = {isa = PBXBuildFile; fileRef = E4C2425F10CC5A78004149E2 /* GLUT.framework */; };
		E4C2427F10CC5B66004149E2 /* CppUnit.a in Frameworks */ = {isa = PBXBuildFile; fileRef = E4C2427A10CC5B66004149E2 /* CppUnit.a */; };
		E4C2428010CC5B66004149E2 /* PocoFoundation.a in Frameworks */ = {isa = PBXBuildFile; fileRef = E4C2427B10CC5B66004149E2 /* PocoFoundation.a */; };
		E4C2428110CC5B66004149E2 /* PocoNet.a in Frameworks */ = {isa = PBXBuildFile; fileRef = E4C2427C10CC5B66004149E2 /* PocoNet.a */; };
		E4C2428210CC5B66004149E2 /* PocoUtil.a in Frameworks */ = {isa = PBXBuildFile; fileRef = E4C2427D10CC5B66004149E2 /* PocoUtil.a */; };
		E4C2428310CC5B66004149E2 /* PocoXML.a in Frameworks */ = {isa = PBXBuildFile; fileRef = E4C2427E10CC5B66004149E2 /* PocoXML.a */; };
		E4C2429410CC5C38004149E2 /* freetype.a in Frameworks */ = {isa = PBXBuildFile; fileRef = E4C2429310CC5C38004149E2 /* freetype.a */; };
		E4C242CD10CC650E004149E2 /* libfmodex.dylib in Frameworks */ = {isa = PBXBuildFile; fileRef = E4C242CC10CC650E004149E2 /* libfmodex.dylib */; };
		E4F056081293A22200BAAF7C /* ofxMatrix3x3.cpp in Sources */ = {isa = PBXBuildFile; fileRef = E4F055FB1293A22200BAAF7C /* ofxMatrix3x3.cpp */; };
		E4F056091293A22200BAAF7C /* ofxMatrix4x4.cpp in Sources */ = {isa = PBXBuildFile; fileRef = E4F055FD1293A22200BAAF7C /* ofxMatrix4x4.cpp */; };
		E4F0560A1293A22200BAAF7C /* ofxQuaternion.cpp in Sources */ = {isa = PBXBuildFile; fileRef = E4F056021293A22200BAAF7C /* ofxQuaternion.cpp */; };
/* End PBXBuildFile section */

/* Begin PBXContainerItemProxy section */
		18B2D7FD1456409F000776CC /* PBXContainerItemProxy */ = {
			isa = PBXContainerItemProxy;
			containerPortal = 18B2D7F91456409F000776CC /* openFrameworksLib.xcodeproj */;
			proxyType = 2;
			remoteGlobalIDString = E4B27C1510CBEB8E00536013 /* openFrameworksDebug.a */;
			remoteInfo = openFrameworks;
		};
/* End PBXContainerItemProxy section */

/* Begin PBXCopyFilesBuildPhase section */
		E4C2427710CC5ABF004149E2 /* CopyFiles */ = {
			isa = PBXCopyFilesBuildPhase;
			buildActionMask = 2147483647;
			dstPath = "";
			dstSubfolderSpec = 10;
			files = (
				E4C2426B10CC5AA6004149E2 /* GLUT.framework in CopyFiles */,
			);
			runOnlyForDeploymentPostprocessing = 0;
		};
/* End PBXCopyFilesBuildPhase section */

/* Begin PBXFileReference section */
		185A366B12CA3B990081D585 /* msbMilkscanner.app */ = {isa = PBXFileReference; explicitFileType = wrapper.application; includeInIndex = 0; path = msbMilkscanner.app; sourceTree = BUILT_PRODUCTS_DIR; };
		185AB17D145205B0009AF571 /* FreeImage.h */ = {isa = PBXFileReference; fileEncoding = 4; lastKnownFileType = sourcecode.c.h; path = FreeImage.h; sourceTree = "<group>"; };
		185AB181145205B9009AF571 /* freeimage-iphone.a */ = {isa = PBXFileReference; lastKnownFileType = archive.ar; path = "freeimage-iphone.a"; sourceTree = "<group>"; };
		185AB183145205BA009AF571 /* libfreeimage.a */ = {isa = PBXFileReference; lastKnownFileType = archive.ar; path = libfreeimage.a; sourceTree = "<group>"; };
		185AB185145205BB009AF571 /* libfreeimage.a */ = {isa = PBXFileReference; lastKnownFileType = archive.ar; path = libfreeimage.a; sourceTree = "<group>"; };
		185AB187145205BC009AF571 /* freeimage.a */ = {isa = PBXFileReference; lastKnownFileType = archive.ar; path = freeimage.a; sourceTree = "<group>"; };
		185AB189145205C1009AF571 /* FreeImage.lib */ = {isa = PBXFileReference; lastKnownFileType = archive.ar; path = FreeImage.lib; sourceTree = "<group>"; };
		185AB18B145205C3009AF571 /* FreeImage.lib */ = {isa = PBXFileReference; lastKnownFileType = archive.ar; path = FreeImage.lib; sourceTree = "<group>"; };
		185AB18D145205C7009AF571 /* FreeImage.lib */ = {isa = PBXFileReference; lastKnownFileType = archive.ar; path = FreeImage.lib; sourceTree = "<group>"; };
		185AB190145205CA009AF571 /* GLee.h */ = {isa = PBXFileReference; fileEncoding = 4; lastKnownFileType = sourcecode.c.h; path = GLee.h; sourceTree = "<group>"; };
		185AB193145205CB009AF571 /* extensionList.txt */ = {isa = PBXFileReference; fileEncoding = 4; lastKnownFileType = text; path = extensionList.txt; sourceTree = "<group>"; };
		185AB194145205CB009AF571 /* GLee.c */ = {isa = PBXFileReference; fileEncoding = 4; lastKnownFileType = sourcecode.c.c; path = GLee.c; sourceTree = "<group>"; };
		185AB195145205CB009AF571 /* libGLee.a */ = {isa = PBXFileReference; lastKnownFileType = archive.ar; path = libGLee.a; sourceTree = "<group>"; };
		185AB196145205CB009AF571 /* readme.txt */ = {isa = PBXFileReference; fileEncoding = 4; lastKnownFileType = text; path = readme.txt; sourceTree = "<group>"; };
		185AB198145205CC009AF571 /* libGLee.a */ = {isa = PBXFileReference; lastKnownFileType = archive.ar; path = libGLee.a; sourceTree = "<group>"; };
		185AB19A145205CD009AF571 /* GLee.a */ = {isa = PBXFileReference; lastKnownFileType = archive.ar; path = GLee.a; sourceTree = "<group>"; };
		185AB19C145205CE009AF571 /* GLee.lib */ = {isa = PBXFileReference; lastKnownFileType = archive.ar; path = GLee.lib; sourceTree = "<group>"; };
		185AB19E145205D2009AF571 /* GLee.lib */ = {isa = PBXFileReference; lastKnownFileType = archive.ar; path = GLee.lib; sourceTree = "<group>"; };
		185AB1A0145205D6009AF571 /* GLee.lib */ = {isa = PBXFileReference; lastKnownFileType = archive.ar; path = GLee.lib; sourceTree = "<group>"; };
		185CE71F131DD0F5002DEA21 /* input.h */ = {isa = PBXFileReference; fileEncoding = 4; lastKnownFileType = sourcecode.c.h; path = input.h; sourceTree = "<group>"; };
		185CE7E9131DD0FE002DEA21 /* actor.cpp */ = {isa = PBXFileReference; fileEncoding = 4; lastKnownFileType = sourcecode.cpp.cpp; path = actor.cpp; sourceTree = "<group>"; };
		185CE7EA131DD0FE002DEA21 /* actor.h */ = {isa = PBXFileReference; fileEncoding = 4; lastKnownFileType = sourcecode.c.h; path = actor.h; sourceTree = "<group>"; };
		185CE7EB131DD0FE002DEA21 /* base64Encode.h */ = {isa = PBXFileReference; fileEncoding = 4; lastKnownFileType = sourcecode.c.h; path = base64Encode.h; sourceTree = "<group>"; };
		185CE7EC131DD0FE002DEA21 /* basicButton.cpp */ = {isa = PBXFileReference; fileEncoding = 4; lastKnownFileType = sourcecode.cpp.cpp; path = basicButton.cpp; sourceTree = "<group>"; };
		185CE7ED131DD0FE002DEA21 /* basicButton.h */ = {isa = PBXFileReference; fileEncoding = 4; lastKnownFileType = sourcecode.c.h; path = basicButton.h; sourceTree = "<group>"; };
		185CE7EE131DD0FE002DEA21 /* boneActor.cpp */ = {isa = PBXFileReference; fileEncoding = 4; lastKnownFileType = sourcecode.cpp.cpp; path = boneActor.cpp; sourceTree = "<group>"; };
		185CE7EF131DD0FE002DEA21 /* boneActor.h */ = {isa = PBXFileReference; fileEncoding = 4; lastKnownFileType = sourcecode.c.h; path = boneActor.h; sourceTree = "<group>"; };
		185CE7F0131DD0FE002DEA21 /* colladaLoader.cpp */ = {isa = PBXFileReference; fileEncoding = 4; lastKnownFileType = sourcecode.cpp.cpp; path = colladaLoader.cpp; sourceTree = "<group>"; };
		185CE7F1131DD0FE002DEA21 /* colladaLoader.h */ = {isa = PBXFileReference; fileEncoding = 4; lastKnownFileType = sourcecode.c.h; path = colladaLoader.h; sourceTree = "<group>"; };
		185CE7F2131DD0FE002DEA21 /* includes.h */ = {isa = PBXFileReference; fileEncoding = 4; lastKnownFileType = sourcecode.c.h; path = includes.h; sourceTree = "<group>"; };
		185CE7F3131DD0FE002DEA21 /* input.cpp */ = {isa = PBXFileReference; fileEncoding = 4; lastKnownFileType = sourcecode.cpp.cpp; path = input.cpp; sourceTree = "<group>"; };
		185CE7F4131DD0FE002DEA21 /* interpolationHelper.cpp */ = {isa = PBXFileReference; fileEncoding = 4; lastKnownFileType = sourcecode.cpp.cpp; path = interpolationHelper.cpp; sourceTree = "<group>"; };
		185CE7F5131DD0FE002DEA21 /* interpolationHelper.h */ = {isa = PBXFileReference; fileEncoding = 4; lastKnownFileType = sourcecode.c.h; path = interpolationHelper.h; sourceTree = "<group>"; };
		185CE7F6131DD0FE002DEA21 /* layer.cpp */ = {isa = PBXFileReference; fileEncoding = 4; lastKnownFileType = sourcecode.cpp.cpp; path = layer.cpp; sourceTree = "<group>"; };
		185CE7F7131DD0FE002DEA21 /* layer.h */ = {isa = PBXFileReference; fileEncoding = 4; lastKnownFileType = sourcecode.c.h; path = layer.h; sourceTree = "<group>"; };
		185CE7F8131DD0FE002DEA21 /* meshData.cpp */ = {isa = PBXFileReference; fileEncoding = 4; lastKnownFileType = sourcecode.cpp.cpp; path = meshData.cpp; sourceTree = "<group>"; };
		185CE7F9131DD0FE002DEA21 /* meshData.h */ = {isa = PBXFileReference; fileEncoding = 4; lastKnownFileType = sourcecode.c.h; path = meshData.h; sourceTree = "<group>"; };
		185CE7FB131DD0FE002DEA21 /* assignButton.cpp */ = {isa = PBXFileReference; fileEncoding = 4; lastKnownFileType = sourcecode.cpp.cpp; path = assignButton.cpp; sourceTree = "<group>"; };
		185CE7FC131DD0FE002DEA21 /* assignButton.h */ = {isa = PBXFileReference; fileEncoding = 4; lastKnownFileType = sourcecode.c.h; path = assignButton.h; sourceTree = "<group>"; };
		185CE7FD131DD0FE002DEA21 /* listButton.cpp */ = {isa = PBXFileReference; fileEncoding = 4; lastKnownFileType = sourcecode.cpp.cpp; path = listButton.cpp; sourceTree = "<group>"; };
		185CE7FE131DD0FE002DEA21 /* listButton.h */ = {isa = PBXFileReference; fileEncoding = 4; lastKnownFileType = sourcecode.c.h; path = listButton.h; sourceTree = "<group>"; };
		185CE7FF131DD0FE002DEA21 /* moveButton.cpp */ = {isa = PBXFileReference; fileEncoding = 4; lastKnownFileType = sourcecode.cpp.cpp; path = moveButton.cpp; sourceTree = "<group>"; };
		185CE800131DD0FE002DEA21 /* moveButton.h */ = {isa = PBXFileReference; fileEncoding = 4; lastKnownFileType = sourcecode.c.h; path = moveButton.h; sourceTree = "<group>"; };
		185CE801131DD0FE002DEA21 /* rotateButton.cpp */ = {isa = PBXFileReference; fileEncoding = 4; lastKnownFileType = sourcecode.cpp.cpp; path = rotateButton.cpp; sourceTree = "<group>"; };
		185CE802131DD0FE002DEA21 /* rotateButton.h */ = {isa = PBXFileReference; fileEncoding = 4; lastKnownFileType = sourcecode.c.h; path = rotateButton.h; sourceTree = "<group>"; };
		185CE803131DD0FE002DEA21 /* sliderButton.cpp */ = {isa = PBXFileReference; fileEncoding = 4; lastKnownFileType = sourcecode.cpp.cpp; path = sliderButton.cpp; sourceTree = "<group>"; };
		185CE804131DD0FE002DEA21 /* sliderButton.h */ = {isa = PBXFileReference; fileEncoding = 4; lastKnownFileType = sourcecode.c.h; path = sliderButton.h; sourceTree = "<group>"; };
		185CE805131DD0FE002DEA21 /* textInputButton.cpp */ = {isa = PBXFileReference; fileEncoding = 4; lastKnownFileType = sourcecode.cpp.cpp; path = textInputButton.cpp; sourceTree = "<group>"; };
		185CE806131DD0FE002DEA21 /* textInputButton.h */ = {isa = PBXFileReference; fileEncoding = 4; lastKnownFileType = sourcecode.c.h; path = textInputButton.h; sourceTree = "<group>"; };
		185CE807131DD0FE002DEA21 /* userPopUp.cpp */ = {isa = PBXFileReference; fileEncoding = 4; lastKnownFileType = sourcecode.cpp.cpp; path = userPopUp.cpp; sourceTree = "<group>"; };
		185CE808131DD0FE002DEA21 /* userPopUp.h */ = {isa = PBXFileReference; fileEncoding = 4; lastKnownFileType = sourcecode.c.h; path = userPopUp.h; sourceTree = "<group>"; };
		185CE809131DD0FE002DEA21 /* msbLight.cpp */ = {isa = PBXFileReference; fileEncoding = 4; lastKnownFileType = sourcecode.cpp.cpp; path = msbLight.cpp; sourceTree = "<group>"; };
		185CE80A131DD0FE002DEA21 /* msbLight.h */ = {isa = PBXFileReference; fileEncoding = 4; lastKnownFileType = sourcecode.c.h; path = msbLight.h; sourceTree = "<group>"; };
		185CE80B131DD0FE002DEA21 /* msbOFCore.h */ = {isa = PBXFileReference; fileEncoding = 4; lastKnownFileType = sourcecode.c.h; path = msbOFCore.h; sourceTree = "<group>"; };
		185CE80C131DD0FE002DEA21 /* node.cpp */ = {isa = PBXFileReference; fileEncoding = 4; lastKnownFileType = sourcecode.cpp.cpp; path = node.cpp; sourceTree = "<group>"; };
		185CE80D131DD0FE002DEA21 /* node.h */ = {isa = PBXFileReference; fileEncoding = 4; lastKnownFileType = sourcecode.c.h; path = node.h; sourceTree = "<group>"; };
		185CE80E131DD0FE002DEA21 /* nodeIO.cpp */ = {isa = PBXFileReference; fileEncoding = 4; lastKnownFileType = sourcecode.cpp.cpp; path = nodeIO.cpp; sourceTree = "<group>"; };
		185CE80F131DD0FE002DEA21 /* nodeIO.h */ = {isa = PBXFileReference; fileEncoding = 4; lastKnownFileType = sourcecode.c.h; path = nodeIO.h; sourceTree = "<group>"; };
		185CE810131DD0FE002DEA21 /* particleSystem.cpp */ = {isa = PBXFileReference; fileEncoding = 4; lastKnownFileType = sourcecode.cpp.cpp; path = particleSystem.cpp; sourceTree = "<group>"; };
		185CE811131DD0FE002DEA21 /* particleSystem.h */ = {isa = PBXFileReference; fileEncoding = 4; lastKnownFileType = sourcecode.c.h; path = particleSystem.h; sourceTree = "<group>"; };
		185CE812131DD0FE002DEA21 /* ReadMe.TXT */ = {isa = PBXFileReference; fileEncoding = 4; lastKnownFileType = text; path = ReadMe.TXT; sourceTree = "<group>"; };
		185CE813131DD0FE002DEA21 /* renderer.cpp */ = {isa = PBXFileReference; fileEncoding = 4; lastKnownFileType = sourcecode.cpp.cpp; path = renderer.cpp; sourceTree = "<group>"; };
		185CE814131DD0FE002DEA21 /* renderer.h */ = {isa = PBXFileReference; fileEncoding = 4; lastKnownFileType = sourcecode.c.h; path = renderer.h; sourceTree = "<group>"; };
		185CE815131DD0FE002DEA21 /* skeletalActor.cpp */ = {isa = PBXFileReference; fileEncoding = 4; lastKnownFileType = sourcecode.cpp.cpp; path = skeletalActor.cpp; sourceTree = "<group>"; };
		185CE816131DD0FE002DEA21 /* skeletalActor.h */ = {isa = PBXFileReference; fileEncoding = 4; lastKnownFileType = sourcecode.c.h; path = skeletalActor.h; sourceTree = "<group>"; };
		185CE817131DD0FE002DEA21 /* skeletalDrawing.cpp */ = {isa = PBXFileReference; fileEncoding = 4; lastKnownFileType = sourcecode.cpp.cpp; path = skeletalDrawing.cpp; sourceTree = "<group>"; };
		185CE818131DD0FE002DEA21 /* skeletalDrawing.h */ = {isa = PBXFileReference; fileEncoding = 4; lastKnownFileType = sourcecode.c.h; path = skeletalDrawing.h; sourceTree = "<group>"; };
		185CE819131DD0FE002DEA21 /* spriteMeshLoader.cpp */ = {isa = PBXFileReference; fileEncoding = 4; lastKnownFileType = sourcecode.cpp.cpp; path = spriteMeshLoader.cpp; sourceTree = "<group>"; };
		185CE81A131DD0FE002DEA21 /* spriteMeshLoader.h */ = {isa = PBXFileReference; fileEncoding = 4; lastKnownFileType = sourcecode.c.h; path = spriteMeshLoader.h; sourceTree = "<group>"; };
		185CE81B131DD0FE002DEA21 /* textfile.cpp */ = {isa = PBXFileReference; fileEncoding = 4; lastKnownFileType = sourcecode.cpp.cpp; path = textfile.cpp; sourceTree = "<group>"; };
		185CE81C131DD0FE002DEA21 /* textfile.h */ = {isa = PBXFileReference; fileEncoding = 4; lastKnownFileType = sourcecode.c.h; path = textfile.h; sourceTree = "<group>"; };
		185CE81E131DD0FE002DEA21 /* tinyxml.cpp */ = {isa = PBXFileReference; fileEncoding = 4; lastKnownFileType = sourcecode.cpp.cpp; path = tinyxml.cpp; sourceTree = "<group>"; };
		185CE81F131DD0FE002DEA21 /* tinyxml.h */ = {isa = PBXFileReference; fileEncoding = 4; lastKnownFileType = sourcecode.c.h; path = tinyxml.h; sourceTree = "<group>"; };
		185CE820131DD0FE002DEA21 /* tinyxmlerror.cpp */ = {isa = PBXFileReference; fileEncoding = 4; lastKnownFileType = sourcecode.cpp.cpp; path = tinyxmlerror.cpp; sourceTree = "<group>"; };
		185CE821131DD0FE002DEA21 /* tinyxmlparser.cpp */ = {isa = PBXFileReference; fileEncoding = 4; lastKnownFileType = sourcecode.cpp.cpp; path = tinyxmlparser.cpp; sourceTree = "<group>"; };
		185CE823131DD0FE002DEA21 /* vmath.cpp */ = {isa = PBXFileReference; fileEncoding = 4; lastKnownFileType = sourcecode.cpp.cpp; path = vmath.cpp; sourceTree = "<group>"; };
		185CE824131DD0FE002DEA21 /* vmath.h */ = {isa = PBXFileReference; fileEncoding = 4; lastKnownFileType = sourcecode.c.h; path = vmath.h; sourceTree = "<group>"; };
		185CE86D131DDCA8002DEA21 /* openFrameworks.a */ = {isa = PBXFileReference; lastKnownFileType = archive.ar; name = openFrameworks.a; path = ../../../libs/openFrameworksCompiled/lib/osx/openFrameworks.a; sourceTree = SOURCE_ROOT; };
		185CE86E131DDCA8002DEA21 /* openFrameworksDebug.a */ = {isa = PBXFileReference; lastKnownFileType = archive.ar; name = openFrameworksDebug.a; path = ../../../libs/openFrameworksCompiled/lib/osx/openFrameworksDebug.a; sourceTree = SOURCE_ROOT; };
		18B2D7F91456409F000776CC /* openFrameworksLib.xcodeproj */ = {isa = PBXFileReference; lastKnownFileType = "wrapper.pb-project"; name = openFrameworksLib.xcodeproj; path = ../../../libs/openFrameworksCompiled/project/osx/openFrameworksLib.xcodeproj; sourceTree = SOURCE_ROOT; };
		307525F011CA84AF007EB8FF /* Instructions.txt */ = {isa = PBXFileReference; fileEncoding = 4; lastKnownFileType = text; path = Instructions.txt; sourceTree = "<group>"; };
		307525F311CA84AF007EB8FF /* ofxThread.cpp */ = {isa = PBXFileReference; fileEncoding = 4; lastKnownFileType = sourcecode.cpp.cpp; path = ofxThread.cpp; sourceTree = "<group>"; };
		307525F411CA84AF007EB8FF /* ofxThread.h */ = {isa = PBXFileReference; fileEncoding = 4; lastKnownFileType = sourcecode.c.h; path = ofxThread.h; sourceTree = "<group>"; };
		3077437511CC21810022444F /* install.xml */ = {isa = PBXFileReference; fileEncoding = 4; lastKnownFileType = text.xml; path = install.xml; sourceTree = "<group>"; };
		3077437911CC21810022444F /* cv.h */ = {isa = PBXFileReference; fileEncoding = 4; lastKnownFileType = sourcecode.c.h; path = cv.h; sourceTree = "<group>"; };
		3077437A11CC21810022444F /* cv.hpp */ = {isa = PBXFileReference; fileEncoding = 4; lastKnownFileType = sourcecode.cpp.h; path = cv.hpp; sourceTree = "<group>"; };
		3077437B11CC21810022444F /* cvaux.h */ = {isa = PBXFileReference; fileEncoding = 4; lastKnownFileType = sourcecode.c.h; path = cvaux.h; sourceTree = "<group>"; };
		3077437C11CC21810022444F /* cvaux.hpp */ = {isa = PBXFileReference; fileEncoding = 4; lastKnownFileType = sourcecode.cpp.h; path = cvaux.hpp; sourceTree = "<group>"; };
		3077437D11CC21810022444F /* cvcompat.h */ = {isa = PBXFileReference; fileEncoding = 4; lastKnownFileType = sourcecode.c.h; path = cvcompat.h; sourceTree = "<group>"; };
		3077437E11CC21810022444F /* cvmat.hpp */ = {isa = PBXFileReference; fileEncoding = 4; lastKnownFileType = sourcecode.cpp.h; path = cvmat.hpp; sourceTree = "<group>"; };
		3077437F11CC21810022444F /* cvstreams.h */ = {isa = PBXFileReference; fileEncoding = 4; lastKnownFileType = sourcecode.c.h; path = cvstreams.h; sourceTree = "<group>"; };
		3077438011CC21810022444F /* cvtypes.h */ = {isa = PBXFileReference; fileEncoding = 4; lastKnownFileType = sourcecode.c.h; path = cvtypes.h; sourceTree = "<group>"; };
		3077438111CC21810022444F /* cvver.h */ = {isa = PBXFileReference; fileEncoding = 4; lastKnownFileType = sourcecode.c.h; path = cvver.h; sourceTree = "<group>"; };
		3077438211CC21810022444F /* cvvidsurv.hpp */ = {isa = PBXFileReference; fileEncoding = 4; lastKnownFileType = sourcecode.cpp.h; path = cvvidsurv.hpp; sourceTree = "<group>"; };
		3077438311CC21810022444F /* cvwimage.h */ = {isa = PBXFileReference; fileEncoding = 4; lastKnownFileType = sourcecode.c.h; path = cvwimage.h; sourceTree = "<group>"; };
		3077438411CC21810022444F /* cxcore.h */ = {isa = PBXFileReference; fileEncoding = 4; lastKnownFileType = sourcecode.c.h; path = cxcore.h; sourceTree = "<group>"; };
		3077438511CC21810022444F /* cxcore.hpp */ = {isa = PBXFileReference; fileEncoding = 4; lastKnownFileType = sourcecode.cpp.h; path = cxcore.hpp; sourceTree = "<group>"; };
		3077438611CC21810022444F /* cxerror.h */ = {isa = PBXFileReference; fileEncoding = 4; lastKnownFileType = sourcecode.c.h; path = cxerror.h; sourceTree = "<group>"; };
		3077438711CC21810022444F /* cxmisc.h */ = {isa = PBXFileReference; fileEncoding = 4; lastKnownFileType = sourcecode.c.h; path = cxmisc.h; sourceTree = "<group>"; };
		3077438811CC21810022444F /* cxtypes.h */ = {isa = PBXFileReference; fileEncoding = 4; lastKnownFileType = sourcecode.c.h; path = cxtypes.h; sourceTree = "<group>"; };
		3077438B11CC21820022444F /* openCV.a */ = {isa = PBXFileReference; lastKnownFileType = archive.ar; path = openCV.a; sourceTree = "<group>"; };
		3077438D11CC21820022444F /* ofxCvBlob.h */ = {isa = PBXFileReference; fileEncoding = 4; lastKnownFileType = sourcecode.c.h; path = ofxCvBlob.h; sourceTree = "<group>"; };
		3077438E11CC21820022444F /* ofxCvColorImage.cpp */ = {isa = PBXFileReference; fileEncoding = 4; lastKnownFileType = sourcecode.cpp.cpp; path = ofxCvColorImage.cpp; sourceTree = "<group>"; };
		3077438F11CC21820022444F /* ofxCvColorImage.h */ = {isa = PBXFileReference; fileEncoding = 4; lastKnownFileType = sourcecode.c.h; path = ofxCvColorImage.h; sourceTree = "<group>"; };
		3077439011CC21820022444F /* ofxCvConstants.h */ = {isa = PBXFileReference; fileEncoding = 4; lastKnownFileType = sourcecode.c.h; path = ofxCvConstants.h; sourceTree = "<group>"; };
		3077439111CC21820022444F /* ofxCvContourFinder.cpp */ = {isa = PBXFileReference; fileEncoding = 4; lastKnownFileType = sourcecode.cpp.cpp; path = ofxCvContourFinder.cpp; sourceTree = "<group>"; };
		3077439211CC21820022444F /* ofxCvContourFinder.h */ = {isa = PBXFileReference; fileEncoding = 4; lastKnownFileType = sourcecode.c.h; path = ofxCvContourFinder.h; sourceTree = "<group>"; };
		3077439311CC21820022444F /* ofxCvFloatImage.cpp */ = {isa = PBXFileReference; fileEncoding = 4; lastKnownFileType = sourcecode.cpp.cpp; path = ofxCvFloatImage.cpp; sourceTree = "<group>"; };
		3077439411CC21820022444F /* ofxCvFloatImage.h */ = {isa = PBXFileReference; fileEncoding = 4; lastKnownFileType = sourcecode.c.h; path = ofxCvFloatImage.h; sourceTree = "<group>"; };
		3077439511CC21820022444F /* ofxCvGrayscaleImage.cpp */ = {isa = PBXFileReference; fileEncoding = 4; lastKnownFileType = sourcecode.cpp.cpp; path = ofxCvGrayscaleImage.cpp; sourceTree = "<group>"; };
		3077439611CC21820022444F /* ofxCvGrayscaleImage.h */ = {isa = PBXFileReference; fileEncoding = 4; lastKnownFileType = sourcecode.c.h; path = ofxCvGrayscaleImage.h; sourceTree = "<group>"; };
		3077439711CC21820022444F /* ofxCvImage.cpp */ = {isa = PBXFileReference; fileEncoding = 4; lastKnownFileType = sourcecode.cpp.cpp; path = ofxCvImage.cpp; sourceTree = "<group>"; };
		3077439811CC21820022444F /* ofxCvImage.h */ = {isa = PBXFileReference; fileEncoding = 4; lastKnownFileType = sourcecode.c.h; path = ofxCvImage.h; sourceTree = "<group>"; };
		3077439911CC21820022444F /* ofxCvMain.h */ = {isa = PBXFileReference; fileEncoding = 4; lastKnownFileType = sourcecode.c.h; path = ofxCvMain.h; sourceTree = "<group>"; };
		3077439A11CC21820022444F /* ofxCvShortImage.cpp */ = {isa = PBXFileReference; fileEncoding = 4; lastKnownFileType = sourcecode.cpp.cpp; path = ofxCvShortImage.cpp; sourceTree = "<group>"; };
		3077439B11CC21820022444F /* ofxCvShortImage.h */ = {isa = PBXFileReference; fileEncoding = 4; lastKnownFileType = sourcecode.c.h; path = ofxCvShortImage.h; sourceTree = "<group>"; };
		3077439C11CC21820022444F /* ofxOpenCv.h */ = {isa = PBXFileReference; fileEncoding = 4; lastKnownFileType = sourcecode.c.h; path = ofxOpenCv.h; sourceTree = "<group>"; };
		E45BE03F0E8CC650009D7055 /* fmod.h */ = {isa = PBXFileReference; fileEncoding = 4; lastKnownFileType = sourcecode.c.h; name = fmod.h; path = ../../../libs/fmodex/include/fmod.h; sourceTree = SOURCE_ROOT; };
		E45BE0400E8CC650009D7055 /* fmod.hpp */ = {isa = PBXFileReference; fileEncoding = 4; lastKnownFileType = sourcecode.cpp.h; name = fmod.hpp; path = ../../../libs/fmodex/include/fmod.hpp; sourceTree = SOURCE_ROOT; };
		E45BE0410E8CC650009D7055 /* fmod_codec.h */ = {isa = PBXFileReference; fileEncoding = 4; lastKnownFileType = sourcecode.c.h; name = fmod_codec.h; path = ../../../libs/fmodex/include/fmod_codec.h; sourceTree = SOURCE_ROOT; };
		E45BE0420E8CC650009D7055 /* fmod_dsp.h */ = {isa = PBXFileReference; fileEncoding = 4; lastKnownFileType = sourcecode.c.h; name = fmod_dsp.h; path = ../../../libs/fmodex/include/fmod_dsp.h; sourceTree = SOURCE_ROOT; };
		E45BE0430E8CC650009D7055 /* fmod_errors.h */ = {isa = PBXFileReference; fileEncoding = 4; lastKnownFileType = sourcecode.c.h; name = fmod_errors.h; path = ../../../libs/fmodex/include/fmod_errors.h; sourceTree = SOURCE_ROOT; };
		E45BE0440E8CC650009D7055 /* fmod_output.h */ = {isa = PBXFileReference; fileEncoding = 4; lastKnownFileType = sourcecode.c.h; name = fmod_output.h; path = ../../../libs/fmodex/include/fmod_output.h; sourceTree = SOURCE_ROOT; };
		E45BE2E00E8CC69C009D7055 /* RtAudio.h */ = {isa = PBXFileReference; fileEncoding = 4; lastKnownFileType = sourcecode.c.h; name = RtAudio.h; path = ../../../libs/rtAudio/include/RtAudio.h; sourceTree = SOURCE_ROOT; };
		E45BE2E10E8CC69C009D7055 /* RtError.h */ = {isa = PBXFileReference; fileEncoding = 4; lastKnownFileType = sourcecode.c.h; name = RtError.h; path = ../../../libs/rtAudio/include/RtError.h; sourceTree = SOURCE_ROOT; };
		E45BE2E30E8CC69C009D7055 /* rtAudio.a */ = {isa = PBXFileReference; lastKnownFileType = archive.ar; name = rtAudio.a; path = ../../../libs/rtAudio/lib/osx/rtAudio.a; sourceTree = SOURCE_ROOT; };
		E45BE9710E8CC7DD009D7055 /* AGL.framework */ = {isa = PBXFileReference; lastKnownFileType = wrapper.framework; name = AGL.framework; path = /System/Library/Frameworks/AGL.framework; sourceTree = "<absolute>"; };
		E45BE9720E8CC7DD009D7055 /* ApplicationServices.framework */ = {isa = PBXFileReference; lastKnownFileType = wrapper.framework; name = ApplicationServices.framework; path = /System/Library/Frameworks/ApplicationServices.framework; sourceTree = "<absolute>"; };
		E45BE9730E8CC7DD009D7055 /* AudioToolbox.framework */ = {isa = PBXFileReference; lastKnownFileType = wrapper.framework; name = AudioToolbox.framework; path = /System/Library/Frameworks/AudioToolbox.framework; sourceTree = "<absolute>"; };
		E45BE9740E8CC7DD009D7055 /* Carbon.framework */ = {isa = PBXFileReference; lastKnownFileType = wrapper.framework; name = Carbon.framework; path = /System/Library/Frameworks/Carbon.framework; sourceTree = "<absolute>"; };
		E45BE9750E8CC7DD009D7055 /* CoreAudio.framework */ = {isa = PBXFileReference; lastKnownFileType = wrapper.framework; name = CoreAudio.framework; path = /System/Library/Frameworks/CoreAudio.framework; sourceTree = "<absolute>"; };
		E45BE9760E8CC7DD009D7055 /* CoreFoundation.framework */ = {isa = PBXFileReference; lastKnownFileType = wrapper.framework; name = CoreFoundation.framework; path = /System/Library/Frameworks/CoreFoundation.framework; sourceTree = "<absolute>"; };
		E45BE9770E8CC7DD009D7055 /* CoreServices.framework */ = {isa = PBXFileReference; lastKnownFileType = wrapper.framework; name = CoreServices.framework; path = /System/Library/Frameworks/CoreServices.framework; sourceTree = "<absolute>"; };
		E45BE9790E8CC7DD009D7055 /* OpenGL.framework */ = {isa = PBXFileReference; lastKnownFileType = wrapper.framework; name = OpenGL.framework; path = /System/Library/Frameworks/OpenGL.framework; sourceTree = "<absolute>"; };
		E45BE97A0E8CC7DD009D7055 /* QuickTime.framework */ = {isa = PBXFileReference; lastKnownFileType = wrapper.framework; name = QuickTime.framework; path = /System/Library/Frameworks/QuickTime.framework; sourceTree = "<absolute>"; };
		E4B69E1D0A3A1BDC003C02F2 /* main.cpp */ = {isa = PBXFileReference; fileEncoding = 30; lastKnownFileType = sourcecode.cpp.cpp; name = main.cpp; path = src/main.cpp; sourceTree = SOURCE_ROOT; };
		E4B69E1E0A3A1BDC003C02F2 /* testApp.cpp */ = {isa = PBXFileReference; explicitFileType = sourcecode.cpp.cpp; fileEncoding = 30; name = testApp.cpp; path = src/testApp.cpp; sourceTree = SOURCE_ROOT; };
		E4B69E1F0A3A1BDC003C02F2 /* testApp.h */ = {isa = PBXFileReference; fileEncoding = 30; lastKnownFileType = sourcecode.c.h; name = testApp.h; path = src/testApp.h; sourceTree = SOURCE_ROOT; };
		E4B6FCAD0C3E899E008CF71C /* openFrameworks-Info.plist */ = {isa = PBXFileReference; fileEncoding = 30; lastKnownFileType = text.plist.xml; path = "openFrameworks-Info.plist"; sourceTree = "<group>"; };
		E4C2424410CC5A17004149E2 /* AppKit.framework */ = {isa = PBXFileReference; lastKnownFileType = wrapper.framework; name = AppKit.framework; path = /System/Library/Frameworks/AppKit.framework; sourceTree = "<absolute>"; };
		E4C2424510CC5A17004149E2 /* Cocoa.framework */ = {isa = PBXFileReference; lastKnownFileType = wrapper.framework; name = Cocoa.framework; path = /System/Library/Frameworks/Cocoa.framework; sourceTree = "<absolute>"; };
		E4C2424610CC5A17004149E2 /* IOKit.framework */ = {isa = PBXFileReference; lastKnownFileType = wrapper.framework; name = IOKit.framework; path = /System/Library/Frameworks/IOKit.framework; sourceTree = "<absolute>"; };
		E4C2425F10CC5A78004149E2 /* GLUT.framework */ = {isa = PBXFileReference; lastKnownFileType = wrapper.framework; name = GLUT.framework; path = ../../../libs/glut/lib/osx/GLUT.framework; sourceTree = SOURCE_ROOT; };
		E4C2427A10CC5B66004149E2 /* CppUnit.a */ = {isa = PBXFileReference; lastKnownFileType = archive.ar; name = CppUnit.a; path = ../../../libs/poco/lib/osx/CppUnit.a; sourceTree = SOURCE_ROOT; };
		E4C2427B10CC5B66004149E2 /* PocoFoundation.a */ = {isa = PBXFileReference; lastKnownFileType = archive.ar; name = PocoFoundation.a; path = ../../../libs/poco/lib/osx/PocoFoundation.a; sourceTree = SOURCE_ROOT; };
		E4C2427C10CC5B66004149E2 /* PocoNet.a */ = {isa = PBXFileReference; lastKnownFileType = archive.ar; name = PocoNet.a; path = ../../../libs/poco/lib/osx/PocoNet.a; sourceTree = SOURCE_ROOT; };
		E4C2427D10CC5B66004149E2 /* PocoUtil.a */ = {isa = PBXFileReference; lastKnownFileType = archive.ar; name = PocoUtil.a; path = ../../../libs/poco/lib/osx/PocoUtil.a; sourceTree = SOURCE_ROOT; };
		E4C2427E10CC5B66004149E2 /* PocoXML.a */ = {isa = PBXFileReference; lastKnownFileType = archive.ar; name = PocoXML.a; path = ../../../libs/poco/lib/osx/PocoXML.a; sourceTree = SOURCE_ROOT; };
		E4C2429310CC5C38004149E2 /* freetype.a */ = {isa = PBXFileReference; lastKnownFileType = archive.ar; name = freetype.a; path = ../../../libs/freetype/lib/osx/freetype.a; sourceTree = SOURCE_ROOT; };
		E4C242CC10CC650E004149E2 /* libfmodex.dylib */ = {isa = PBXFileReference; lastKnownFileType = "compiled.mach-o.dylib"; name = libfmodex.dylib; path = ../../../libs/fmodex/lib/osx/libfmodex.dylib; sourceTree = SOURCE_ROOT; };
		E4F055F91293A22200BAAF7C /* install.xml */ = {isa = PBXFileReference; fileEncoding = 4; lastKnownFileType = text.xml; name = install.xml; path = ../../../addons/ofxVectorMath/install.xml; sourceTree = SOURCE_ROOT; };
		E4F055FB1293A22200BAAF7C /* ofxMatrix3x3.cpp */ = {isa = PBXFileReference; fileEncoding = 4; lastKnownFileType = sourcecode.cpp.cpp; name = ofxMatrix3x3.cpp; path = ../../../addons/ofxVectorMath/src/ofxMatrix3x3.cpp; sourceTree = SOURCE_ROOT; };
		E4F055FC1293A22200BAAF7C /* ofxMatrix3x3.h */ = {isa = PBXFileReference; fileEncoding = 4; lastKnownFileType = sourcecode.c.h; name = ofxMatrix3x3.h; path = ../../../addons/ofxVectorMath/src/ofxMatrix3x3.h; sourceTree = SOURCE_ROOT; };
		E4F055FD1293A22200BAAF7C /* ofxMatrix4x4.cpp */ = {isa = PBXFileReference; fileEncoding = 4; lastKnownFileType = sourcecode.cpp.cpp; name = ofxMatrix4x4.cpp; path = ../../../addons/ofxVectorMath/src/ofxMatrix4x4.cpp; sourceTree = SOURCE_ROOT; };
		E4F055FE1293A22200BAAF7C /* ofxMatrix4x4.h */ = {isa = PBXFileReference; fileEncoding = 4; lastKnownFileType = sourcecode.c.h; name = ofxMatrix4x4.h; path = ../../../addons/ofxVectorMath/src/ofxMatrix4x4.h; sourceTree = SOURCE_ROOT; };
		E4F055FF1293A22200BAAF7C /* ofxPoint2f.h */ = {isa = PBXFileReference; fileEncoding = 4; lastKnownFileType = sourcecode.c.h; name = ofxPoint2f.h; path = ../../../addons/ofxVectorMath/src/ofxPoint2f.h; sourceTree = SOURCE_ROOT; };
		E4F056001293A22200BAAF7C /* ofxPoint3f.h */ = {isa = PBXFileReference; fileEncoding = 4; lastKnownFileType = sourcecode.c.h; name = ofxPoint3f.h; path = ../../../addons/ofxVectorMath/src/ofxPoint3f.h; sourceTree = SOURCE_ROOT; };
		E4F056011293A22200BAAF7C /* ofxPoint4f.h */ = {isa = PBXFileReference; fileEncoding = 4; lastKnownFileType = sourcecode.c.h; name = ofxPoint4f.h; path = ../../../addons/ofxVectorMath/src/ofxPoint4f.h; sourceTree = SOURCE_ROOT; };
		E4F056021293A22200BAAF7C /* ofxQuaternion.cpp */ = {isa = PBXFileReference; fileEncoding = 4; lastKnownFileType = sourcecode.cpp.cpp; name = ofxQuaternion.cpp; path = ../../../addons/ofxVectorMath/src/ofxQuaternion.cpp; sourceTree = SOURCE_ROOT; };
		E4F056031293A22200BAAF7C /* ofxQuaternion.h */ = {isa = PBXFileReference; fileEncoding = 4; lastKnownFileType = sourcecode.c.h; name = ofxQuaternion.h; path = ../../../addons/ofxVectorMath/src/ofxQuaternion.h; sourceTree = SOURCE_ROOT; };
		E4F056041293A22200BAAF7C /* ofxVec2f.h */ = {isa = PBXFileReference; fileEncoding = 4; lastKnownFileType = sourcecode.c.h; name = ofxVec2f.h; path = ../../../addons/ofxVectorMath/src/ofxVec2f.h; sourceTree = SOURCE_ROOT; };
		E4F056051293A22200BAAF7C /* ofxVec3f.h */ = {isa = PBXFileReference; fileEncoding = 4; lastKnownFileType = sourcecode.c.h; name = ofxVec3f.h; path = ../../../addons/ofxVectorMath/src/ofxVec3f.h; sourceTree = SOURCE_ROOT; };
		E4F056061293A22200BAAF7C /* ofxVec4f.h */ = {isa = PBXFileReference; fileEncoding = 4; lastKnownFileType = sourcecode.c.h; name = ofxVec4f.h; path = ../../../addons/ofxVectorMath/src/ofxVec4f.h; sourceTree = SOURCE_ROOT; };
		E4F056071293A22200BAAF7C /* ofxVectorMath.h */ = {isa = PBXFileReference; fileEncoding = 4; lastKnownFileType = sourcecode.c.h; name = ofxVectorMath.h; path = ../../../addons/ofxVectorMath/src/ofxVectorMath.h; sourceTree = SOURCE_ROOT; };
/* End PBXFileReference section */

/* Begin PBXFrameworksBuildPhase section */
		E4B69B590A3A1756003C02F2 /* Frameworks */ = {
			isa = PBXFrameworksBuildPhase;
			buildActionMask = 2147483647;
			files = (
				E45BE2E40E8CC69C009D7055 /* rtAudio.a in Frameworks */,
				E45BE97B0E8CC7DD009D7055 /* AGL.framework in Frameworks */,
				E45BE97C0E8CC7DD009D7055 /* ApplicationServices.framework in Frameworks */,
				E45BE97D0E8CC7DD009D7055 /* AudioToolbox.framework in Frameworks */,
				E45BE97E0E8CC7DD009D7055 /* Carbon.framework in Frameworks */,
				E45BE97F0E8CC7DD009D7055 /* CoreAudio.framework in Frameworks */,
				E45BE9800E8CC7DD009D7055 /* CoreFoundation.framework in Frameworks */,
				E45BE9810E8CC7DD009D7055 /* CoreServices.framework in Frameworks */,
				E45BE9830E8CC7DD009D7055 /* OpenGL.framework in Frameworks */,
				E45BE9840E8CC7DD009D7055 /* QuickTime.framework in Frameworks */,
				E4C2424710CC5A17004149E2 /* AppKit.framework in Frameworks */,
				E4C2424810CC5A17004149E2 /* Cocoa.framework in Frameworks */,
				E4C2424910CC5A17004149E2 /* IOKit.framework in Frameworks */,
				E4C2426610CC5A78004149E2 /* GLUT.framework in Frameworks */,
				E4C2427F10CC5B66004149E2 /* CppUnit.a in Frameworks */,
				E4C2428010CC5B66004149E2 /* PocoFoundation.a in Frameworks */,
				E4C2428110CC5B66004149E2 /* PocoNet.a in Frameworks */,
				E4C2428210CC5B66004149E2 /* PocoUtil.a in Frameworks */,
				E4C2428310CC5B66004149E2 /* PocoXML.a in Frameworks */,
				E4C2429410CC5C38004149E2 /* freetype.a in Frameworks */,
				E4C242CD10CC650E004149E2 /* libfmodex.dylib in Frameworks */,
				3077439D11CC21820022444F /* openCV.a in Frameworks */,
				185CE86F131DDCA8002DEA21 /* openFrameworks.a in Frameworks */,
				185CE870131DDCA8002DEA21 /* openFrameworksDebug.a in Frameworks */,
				185AB1A1145205D7009AF571 /* freeimage-iphone.a in Frameworks */,
				185AB1A2145205E4009AF571 /* libfreeimage.a in Frameworks */,
				185AB1A3145205F8009AF571 /* libfreeimage.a in Frameworks */,
				185AB1A414520602009AF571 /* freeimage.a in Frameworks */,
				185AB1A51452060D009AF571 /* FreeImage.lib in Frameworks */,
				185AB1A61452061C009AF571 /* FreeImage.lib in Frameworks */,
				185AB1A71452062D009AF571 /* FreeImage.lib in Frameworks */,
				185AB1A91452063F009AF571 /* libGLee.a in Frameworks */,
				185AB1AA1452063F009AF571 /* libGLee.a in Frameworks */,
				185AB1AB1452063F009AF571 /* GLee.a in Frameworks */,
				185AB1AC1452063F009AF571 /* GLee.lib in Frameworks */,
				185AB1AD1452063F009AF571 /* GLee.lib in Frameworks */,
				185AB1AE1452063F009AF571 /* GLee.lib in Frameworks */,
			);
			runOnlyForDeploymentPostprocessing = 0;
		};
/* End PBXFrameworksBuildPhase section */

/* Begin PBXGroup section */
		185AB17B145205AF009AF571 /* FreeImage */ = {
			isa = PBXGroup;
			children = (
				185AB17C145205B0009AF571 /* include */,
				185AB17E145205B1009AF571 /* lib */,
			);
			name = FreeImage;
			path = ../../../libs/FreeImage;
			sourceTree = SOURCE_ROOT;
		};
		185AB17C145205B0009AF571 /* include */ = {
			isa = PBXGroup;
			children = (
				185AB17D145205B0009AF571 /* FreeImage.h */,
			);
			path = include;
			sourceTree = "<group>";
		};
		185AB17E145205B1009AF571 /* lib */ = {
			isa = PBXGroup;
			children = (
				185AB17F145205B2009AF571 /* android */,
				185AB180145205B5009AF571 /* iphone */,
				185AB182145205B9009AF571 /* linux */,
				185AB184145205BA009AF571 /* linux64 */,
				185AB186145205BC009AF571 /* osx */,
				185AB188145205BD009AF571 /* vs2008 */,
				185AB18A145205C2009AF571 /* vs2010 */,
				185AB18C145205C4009AF571 /* win_cb */,
			);
			path = lib;
			sourceTree = "<group>";
		};
		185AB17F145205B2009AF571 /* android */ = {
			isa = PBXGroup;
			children = (
			);
			path = android;
			sourceTree = "<group>";
		};
		185AB180145205B5009AF571 /* iphone */ = {
			isa = PBXGroup;
			children = (
				185AB181145205B9009AF571 /* freeimage-iphone.a */,
			);
			path = iphone;
			sourceTree = "<group>";
		};
		185AB182145205B9009AF571 /* linux */ = {
			isa = PBXGroup;
			children = (
				185AB183145205BA009AF571 /* libfreeimage.a */,
			);
			path = linux;
			sourceTree = "<group>";
		};
		185AB184145205BA009AF571 /* linux64 */ = {
			isa = PBXGroup;
			children = (
				185AB185145205BB009AF571 /* libfreeimage.a */,
			);
			path = linux64;
			sourceTree = "<group>";
		};
		185AB186145205BC009AF571 /* osx */ = {
			isa = PBXGroup;
			children = (
				185AB187145205BC009AF571 /* freeimage.a */,
			);
			path = osx;
			sourceTree = "<group>";
		};
		185AB188145205BD009AF571 /* vs2008 */ = {
			isa = PBXGroup;
			children = (
				185AB189145205C1009AF571 /* FreeImage.lib */,
			);
			path = vs2008;
			sourceTree = "<group>";
		};
		185AB18A145205C2009AF571 /* vs2010 */ = {
			isa = PBXGroup;
			children = (
				185AB18B145205C3009AF571 /* FreeImage.lib */,
			);
			path = vs2010;
			sourceTree = "<group>";
		};
		185AB18C145205C4009AF571 /* win_cb */ = {
			isa = PBXGroup;
			children = (
				185AB18D145205C7009AF571 /* FreeImage.lib */,
			);
			path = win_cb;
			sourceTree = "<group>";
		};
		185AB18E145205C9009AF571 /* glee */ = {
			isa = PBXGroup;
			children = (
				185AB18F145205C9009AF571 /* include */,
				185AB191145205CA009AF571 /* lib */,
			);
			name = glee;
			path = ../../../libs/glee;
			sourceTree = SOURCE_ROOT;
		};
		185AB18F145205C9009AF571 /* include */ = {
			isa = PBXGroup;
			children = (
				185AB190145205CA009AF571 /* GLee.h */,
			);
			path = include;
			sourceTree = "<group>";
		};
		185AB191145205CA009AF571 /* lib */ = {
			isa = PBXGroup;
			children = (
				185AB192145205CA009AF571 /* linux */,
				185AB197145205CB009AF571 /* linux64 */,
				185AB199145205CC009AF571 /* osx */,
				185AB19B145205CD009AF571 /* vs2008 */,
				185AB19D145205D0009AF571 /* vs2010 */,
				185AB19F145205D3009AF571 /* win_cb */,
			);
			path = lib;
			sourceTree = "<group>";
		};
		185AB192145205CA009AF571 /* linux */ = {
			isa = PBXGroup;
			children = (
				185AB193145205CB009AF571 /* extensionList.txt */,
				185AB194145205CB009AF571 /* GLee.c */,
				185AB195145205CB009AF571 /* libGLee.a */,
				185AB196145205CB009AF571 /* readme.txt */,
			);
			path = linux;
			sourceTree = "<group>";
		};
		185AB197145205CB009AF571 /* linux64 */ = {
			isa = PBXGroup;
			children = (
				185AB198145205CC009AF571 /* libGLee.a */,
			);
			path = linux64;
			sourceTree = "<group>";
		};
		185AB199145205CC009AF571 /* osx */ = {
			isa = PBXGroup;
			children = (
				185AB19A145205CD009AF571 /* GLee.a */,
			);
			path = osx;
			sourceTree = "<group>";
		};
		185AB19B145205CD009AF571 /* vs2008 */ = {
			isa = PBXGroup;
			children = (
				185AB19C145205CE009AF571 /* GLee.lib */,
			);
			path = vs2008;
			sourceTree = "<group>";
		};
		185AB19D145205D0009AF571 /* vs2010 */ = {
			isa = PBXGroup;
			children = (
				185AB19E145205D2009AF571 /* GLee.lib */,
			);
			path = vs2010;
			sourceTree = "<group>";
		};
		185AB19F145205D3009AF571 /* win_cb */ = {
			isa = PBXGroup;
			children = (
				185AB1A0145205D6009AF571 /* GLee.lib */,
			);
			path = win_cb;
			sourceTree = "<group>";
		};
		185CE71E131DD0F5002DEA21 /* msbOFCore */ = {
			isa = PBXGroup;
			children = (
				185CE71F131DD0F5002DEA21 /* input.h */,
				185CE7E9131DD0FE002DEA21 /* actor.cpp */,
				185CE7EA131DD0FE002DEA21 /* actor.h */,
				185CE7EB131DD0FE002DEA21 /* base64Encode.h */,
				185CE7EC131DD0FE002DEA21 /* basicButton.cpp */,
				185CE7ED131DD0FE002DEA21 /* basicButton.h */,
				185CE7EE131DD0FE002DEA21 /* boneActor.cpp */,
				185CE7EF131DD0FE002DEA21 /* boneActor.h */,
				185CE7F0131DD0FE002DEA21 /* colladaLoader.cpp */,
				185CE7F1131DD0FE002DEA21 /* colladaLoader.h */,
				185CE7F2131DD0FE002DEA21 /* includes.h */,
				185CE7F3131DD0FE002DEA21 /* input.cpp */,
				185CE7F4131DD0FE002DEA21 /* interpolationHelper.cpp */,
				185CE7F5131DD0FE002DEA21 /* interpolationHelper.h */,
				185CE7F6131DD0FE002DEA21 /* layer.cpp */,
				185CE7F7131DD0FE002DEA21 /* layer.h */,
				185CE7F8131DD0FE002DEA21 /* meshData.cpp */,
				185CE7F9131DD0FE002DEA21 /* meshData.h */,
				185CE7FA131DD0FE002DEA21 /* msbButtons */,
				185CE809131DD0FE002DEA21 /* msbLight.cpp */,
				185CE80A131DD0FE002DEA21 /* msbLight.h */,
				185CE80B131DD0FE002DEA21 /* msbOFCore.h */,
				185CE80C131DD0FE002DEA21 /* node.cpp */,
				185CE80D131DD0FE002DEA21 /* node.h */,
				185CE80E131DD0FE002DEA21 /* nodeIO.cpp */,
				185CE80F131DD0FE002DEA21 /* nodeIO.h */,
				185CE810131DD0FE002DEA21 /* particleSystem.cpp */,
				185CE811131DD0FE002DEA21 /* particleSystem.h */,
				185CE812131DD0FE002DEA21 /* ReadMe.TXT */,
				185CE813131DD0FE002DEA21 /* renderer.cpp */,
				185CE814131DD0FE002DEA21 /* renderer.h */,
				185CE815131DD0FE002DEA21 /* skeletalActor.cpp */,
				185CE816131DD0FE002DEA21 /* skeletalActor.h */,
				185CE817131DD0FE002DEA21 /* skeletalDrawing.cpp */,
				185CE818131DD0FE002DEA21 /* skeletalDrawing.h */,
				185CE819131DD0FE002DEA21 /* spriteMeshLoader.cpp */,
				185CE81A131DD0FE002DEA21 /* spriteMeshLoader.h */,
				185CE81B131DD0FE002DEA21 /* textfile.cpp */,
				185CE81C131DD0FE002DEA21 /* textfile.h */,
				185CE81D131DD0FE002DEA21 /* tinyxml */,
				185CE822131DD0FE002DEA21 /* vMath */,
			);
			path = msbOFCore;
			sourceTree = "<group>";
		};
		185CE7FA131DD0FE002DEA21 /* msbButtons */ = {
			isa = PBXGroup;
			children = (
				185CE7FB131DD0FE002DEA21 /* assignButton.cpp */,
				185CE7FC131DD0FE002DEA21 /* assignButton.h */,
				185CE7FD131DD0FE002DEA21 /* listButton.cpp */,
				185CE7FE131DD0FE002DEA21 /* listButton.h */,
				185CE7FF131DD0FE002DEA21 /* moveButton.cpp */,
				185CE800131DD0FE002DEA21 /* moveButton.h */,
				185CE801131DD0FE002DEA21 /* rotateButton.cpp */,
				185CE802131DD0FE002DEA21 /* rotateButton.h */,
				185CE803131DD0FE002DEA21 /* sliderButton.cpp */,
				185CE804131DD0FE002DEA21 /* sliderButton.h */,
				185CE805131DD0FE002DEA21 /* textInputButton.cpp */,
				185CE806131DD0FE002DEA21 /* textInputButton.h */,
				185CE807131DD0FE002DEA21 /* userPopUp.cpp */,
				185CE808131DD0FE002DEA21 /* userPopUp.h */,
			);
			path = msbButtons;
			sourceTree = "<group>";
		};
		185CE81D131DD0FE002DEA21 /* tinyxml */ = {
			isa = PBXGroup;
			children = (
				185CE81E131DD0FE002DEA21 /* tinyxml.cpp */,
				185CE81F131DD0FE002DEA21 /* tinyxml.h */,
				185CE820131DD0FE002DEA21 /* tinyxmlerror.cpp */,
				185CE821131DD0FE002DEA21 /* tinyxmlparser.cpp */,
			);
			path = tinyxml;
			sourceTree = "<group>";
		};
		185CE822131DD0FE002DEA21 /* vMath */ = {
			isa = PBXGroup;
			children = (
				185CE823131DD0FE002DEA21 /* vmath.cpp */,
				185CE824131DD0FE002DEA21 /* vmath.h */,
			);
			path = vMath;
			sourceTree = "<group>";
		};
		18B2D7FA1456409F000776CC /* Products */ = {
			isa = PBXGroup;
			children = (
				18B2D7FE1456409F000776CC /* openFrameworksDebug.a */,
			);
			name = Products;
			sourceTree = "<group>";
		};
		307525EE11CA84AF007EB8FF /* ofxThread */ = {
			isa = PBXGroup;
			children = (
				307525EF11CA84AF007EB8FF /* docs */,
				307525F211CA84AF007EB8FF /* src */,
			);
			path = ofxThread;
			sourceTree = "<group>";
		};
		307525EF11CA84AF007EB8FF /* docs */ = {
			isa = PBXGroup;
			children = (
				307525F011CA84AF007EB8FF /* Instructions.txt */,
			);
			path = docs;
			sourceTree = "<group>";
		};
		307525F211CA84AF007EB8FF /* src */ = {
			isa = PBXGroup;
			children = (
				307525F311CA84AF007EB8FF /* ofxThread.cpp */,
				307525F411CA84AF007EB8FF /* ofxThread.h */,
			);
			path = src;
			sourceTree = "<group>";
		};
		3077437411CC21810022444F /* ofxOpenCv */ = {
			isa = PBXGroup;
			children = (
				3077437511CC21810022444F /* install.xml */,
				3077437611CC21810022444F /* libs */,
				3077438C11CC21820022444F /* src */,
			);
			path = ofxOpenCv;
			sourceTree = "<group>";
		};
		3077437611CC21810022444F /* libs */ = {
			isa = PBXGroup;
			children = (
				3077437711CC21810022444F /* opencv */,
			);
			path = libs;
			sourceTree = "<group>";
		};
		3077437711CC21810022444F /* opencv */ = {
			isa = PBXGroup;
			children = (
				3077437811CC21810022444F /* include */,
				3077438911CC21820022444F /* lib */,
			);
			path = opencv;
			sourceTree = "<group>";
		};
		3077437811CC21810022444F /* include */ = {
			isa = PBXGroup;
			children = (
				3077437911CC21810022444F /* cv.h */,
				3077437A11CC21810022444F /* cv.hpp */,
				3077437B11CC21810022444F /* cvaux.h */,
				3077437C11CC21810022444F /* cvaux.hpp */,
				3077437D11CC21810022444F /* cvcompat.h */,
				3077437E11CC21810022444F /* cvmat.hpp */,
				3077437F11CC21810022444F /* cvstreams.h */,
				3077438011CC21810022444F /* cvtypes.h */,
				3077438111CC21810022444F /* cvver.h */,
				3077438211CC21810022444F /* cvvidsurv.hpp */,
				3077438311CC21810022444F /* cvwimage.h */,
				3077438411CC21810022444F /* cxcore.h */,
				3077438511CC21810022444F /* cxcore.hpp */,
				3077438611CC21810022444F /* cxerror.h */,
				3077438711CC21810022444F /* cxmisc.h */,
				3077438811CC21810022444F /* cxtypes.h */,
			);
			path = include;
			sourceTree = "<group>";
		};
		3077438911CC21820022444F /* lib */ = {
			isa = PBXGroup;
			children = (
				3077438A11CC21820022444F /* osx */,
			);
			path = lib;
			sourceTree = "<group>";
		};
		3077438A11CC21820022444F /* osx */ = {
			isa = PBXGroup;
			children = (
				3077438B11CC21820022444F /* openCV.a */,
			);
			path = osx;
			sourceTree = "<group>";
		};
		3077438C11CC21820022444F /* src */ = {
			isa = PBXGroup;
			children = (
				3077438D11CC21820022444F /* ofxCvBlob.h */,
				3077438E11CC21820022444F /* ofxCvColorImage.cpp */,
				3077438F11CC21820022444F /* ofxCvColorImage.h */,
				3077439011CC21820022444F /* ofxCvConstants.h */,
				3077439111CC21820022444F /* ofxCvContourFinder.cpp */,
				3077439211CC21820022444F /* ofxCvContourFinder.h */,
				3077439311CC21820022444F /* ofxCvFloatImage.cpp */,
				3077439411CC21820022444F /* ofxCvFloatImage.h */,
				3077439511CC21820022444F /* ofxCvGrayscaleImage.cpp */,
				3077439611CC21820022444F /* ofxCvGrayscaleImage.h */,
				3077439711CC21820022444F /* ofxCvImage.cpp */,
				3077439811CC21820022444F /* ofxCvImage.h */,
				3077439911CC21820022444F /* ofxCvMain.h */,
				3077439A11CC21820022444F /* ofxCvShortImage.cpp */,
				3077439B11CC21820022444F /* ofxCvShortImage.h */,
				3077439C11CC21820022444F /* ofxOpenCv.h */,
			);
			path = src;
			sourceTree = "<group>";
		};
		E44665C70F5B3E03005D0BF0 /* addons */ = {
			isa = PBXGroup;
			children = (
				185CE71E131DD0F5002DEA21 /* msbOFCore */,
				E4F055F81293A22200BAAF7C /* ofxVectorMath */,
				3077437411CC21810022444F /* ofxOpenCv */,
				307525EE11CA84AF007EB8FF /* ofxThread */,
			);
			name = addons;
			path = ../../../addons;
			sourceTree = SOURCE_ROOT;
		};
		E45BE0360E8CC5DE009D7055 /* libs */ = {
			isa = PBXGroup;
			children = (
				E45BEED60E8CCB34009D7055 /* core */,
			);
			name = libs;
			sourceTree = "<group>";
		};
		E45BE03D0E8CC650009D7055 /* fmodex */ = {
			isa = PBXGroup;
			children = (
				E45BE03E0E8CC650009D7055 /* inc */,
				E4C2428E10CC5C18004149E2 /* osx */,
			);
			name = fmodex;
			path = ../../../libs/fmodex;
			sourceTree = SOURCE_ROOT;
		};
		E45BE03E0E8CC650009D7055 /* inc */ = {
			isa = PBXGroup;
			children = (
				E45BE03F0E8CC650009D7055 /* fmod.h */,
				E45BE0400E8CC650009D7055 /* fmod.hpp */,
				E45BE0410E8CC650009D7055 /* fmod_codec.h */,
				E45BE0420E8CC650009D7055 /* fmod_dsp.h */,
				E45BE0430E8CC650009D7055 /* fmod_errors.h */,
				E45BE0440E8CC650009D7055 /* fmod_output.h */,
			);
			name = inc;
			path = ../../../libs/fmodex/include;
			sourceTree = SOURCE_ROOT;
		};
		E45BE0480E8CC657009D7055 /* core libraries */ = {
			isa = PBXGroup;
			children = (
				185AB17B145205AF009AF571 /* FreeImage */,
				185AB18E145205C9009AF571 /* glee */,
				E4C2425B10CC5A78004149E2 /* glut */,
				E45BEC7B0E8CC911009D7055 /* poco */,
				E45BE2D50E8CC69C009D7055 /* rtAudio */,
				E45BE0490E8CC676009D7055 /* freetype */,
				E45BE03D0E8CC650009D7055 /* fmodex */,
			);
			name = "core libraries";
			sourceTree = "<group>";
		};
		E45BE0490E8CC676009D7055 /* freetype */ = {
			isa = PBXGroup;
			children = (
				E4C2429210CC5C38004149E2 /* osx */,
			);
			name = freetype;
			path = ../../../libs/freetype;
			sourceTree = SOURCE_ROOT;
		};
		E45BE2D50E8CC69C009D7055 /* rtAudio */ = {
			isa = PBXGroup;
			children = (
				E45BE2D60E8CC69C009D7055 /* include */,
				E45BE2E20E8CC69C009D7055 /* lib */,
			);
			name = rtAudio;
			path = ../../../libs/rtAudio;
			sourceTree = SOURCE_ROOT;
		};
		E45BE2D60E8CC69C009D7055 /* include */ = {
			isa = PBXGroup;
			children = (
				E45BE2D70E8CC69C009D7055 /* asio */,
				E45BE2E00E8CC69C009D7055 /* RtAudio.h */,
				E45BE2E10E8CC69C009D7055 /* RtError.h */,
			);
			name = include;
			path = ../../../libs/rtAudio/include;
			sourceTree = SOURCE_ROOT;
		};
		E45BE2D70E8CC69C009D7055 /* asio */ = {
			isa = PBXGroup;
			children = (
			);
			name = asio;
			path = ../../../libs/rtAudio/include/asio;
			sourceTree = SOURCE_ROOT;
		};
		E45BE2E20E8CC69C009D7055 /* lib */ = {
			isa = PBXGroup;
			children = (
				E45BE2E30E8CC69C009D7055 /* rtAudio.a */,
			);
			name = lib;
			path = ../../../libs/rtAudio/lib/osx;
			sourceTree = SOURCE_ROOT;
		};
		E45BE5980E8CC70C009D7055 /* core frameworks */ = {
			isa = PBXGroup;
			children = (
				E4C2424410CC5A17004149E2 /* AppKit.framework */,
				E4C2424510CC5A17004149E2 /* Cocoa.framework */,
				E4C2424610CC5A17004149E2 /* IOKit.framework */,
				E45BE9710E8CC7DD009D7055 /* AGL.framework */,
				E45BE9720E8CC7DD009D7055 /* ApplicationServices.framework */,
				E45BE9730E8CC7DD009D7055 /* AudioToolbox.framework */,
				E45BE9740E8CC7DD009D7055 /* Carbon.framework */,
				E45BE9750E8CC7DD009D7055 /* CoreAudio.framework */,
				E45BE9760E8CC7DD009D7055 /* CoreFoundation.framework */,
				E45BE9770E8CC7DD009D7055 /* CoreServices.framework */,
				E45BE9790E8CC7DD009D7055 /* OpenGL.framework */,
				E45BE97A0E8CC7DD009D7055 /* QuickTime.framework */,
			);
			name = "core frameworks";
			sourceTree = "<group>";
		};
		E45BEC7B0E8CC911009D7055 /* poco */ = {
			isa = PBXGroup;
			children = (
				E4C2427910CC5B66004149E2 /* osx */,
			);
			name = poco;
			path = ../../../libs/poco;
			sourceTree = SOURCE_ROOT;
		};
		E45BEED60E8CCB34009D7055 /* core */ = {
			isa = PBXGroup;
			children = (
				E45BE0480E8CC657009D7055 /* core libraries */,
				E45BE5980E8CC70C009D7055 /* core frameworks */,
			);
			name = core;
			sourceTree = "<group>";
		};
		E4B69B4A0A3A1720003C02F2 = {
			isa = PBXGroup;
			children = (
				E4B6FCAD0C3E899E008CF71C /* openFrameworks-Info.plist */,
				E4B69E1C0A3A1BDC003C02F2 /* src */,
				E4C2422310CC54B6004149E2 /* openFrameworks */,
				E44665C70F5B3E03005D0BF0 /* addons */,
				E45BE0360E8CC5DE009D7055 /* libs */,
				185A366B12CA3B990081D585 /* msbMilkscanner.app */,
			);
			sourceTree = "<group>";
		};
		E4B69E1C0A3A1BDC003C02F2 /* src */ = {
			isa = PBXGroup;
			children = (
				E4B69E1D0A3A1BDC003C02F2 /* main.cpp */,
				E4B69E1E0A3A1BDC003C02F2 /* testApp.cpp */,
				E4B69E1F0A3A1BDC003C02F2 /* testApp.h */,
			);
			path = src;
			sourceTree = SOURCE_ROOT;
		};
		E4C2422310CC54B6004149E2 /* openFrameworks */ = {
			isa = PBXGroup;
			children = (
				18B2D7F91456409F000776CC /* openFrameworksLib.xcodeproj */,
				185CE86D131DDCA8002DEA21 /* openFrameworks.a */,
				185CE86E131DDCA8002DEA21 /* openFrameworksDebug.a */,
			);
			name = openFrameworks;
			sourceTree = "<group>";
		};
		E4C2425B10CC5A78004149E2 /* glut */ = {
			isa = PBXGroup;
			children = (
				E4C2425D10CC5A78004149E2 /* lib */,
			);
			name = glut;
			path = ../../../libs/glut;
			sourceTree = SOURCE_ROOT;
		};
		E4C2425D10CC5A78004149E2 /* lib */ = {
			isa = PBXGroup;
			children = (
				E4C2425E10CC5A78004149E2 /* osx */,
			);
			name = lib;
			path = ../../../libs/glut/lib;
			sourceTree = SOURCE_ROOT;
		};
		E4C2425E10CC5A78004149E2 /* osx */ = {
			isa = PBXGroup;
			children = (
				E4C2425F10CC5A78004149E2 /* GLUT.framework */,
			);
			name = osx;
			path = ../../../libs/glut/lib/osx;
			sourceTree = SOURCE_ROOT;
		};
		E4C2427910CC5B66004149E2 /* osx */ = {
			isa = PBXGroup;
			children = (
				E4C2427A10CC5B66004149E2 /* CppUnit.a */,
				E4C2427B10CC5B66004149E2 /* PocoFoundation.a */,
				E4C2427C10CC5B66004149E2 /* PocoNet.a */,
				E4C2427D10CC5B66004149E2 /* PocoUtil.a */,
				E4C2427E10CC5B66004149E2 /* PocoXML.a */,
			);
			name = osx;
			path = ../../../libs/poco/lib/osx;
			sourceTree = SOURCE_ROOT;
		};
		E4C2428E10CC5C18004149E2 /* osx */ = {
			isa = PBXGroup;
			children = (
				E4C242CC10CC650E004149E2 /* libfmodex.dylib */,
			);
			name = osx;
			path = ../../../libs/fmodex/lib/osx;
			sourceTree = SOURCE_ROOT;
		};
		E4C2429210CC5C38004149E2 /* osx */ = {
			isa = PBXGroup;
			children = (
				E4C2429310CC5C38004149E2 /* freetype.a */,
			);
			name = osx;
			path = ../../../libs/freetype/lib/osx;
			sourceTree = SOURCE_ROOT;
		};
		E4F055F81293A22200BAAF7C /* ofxVectorMath */ = {
			isa = PBXGroup;
			children = (
				E4F055F91293A22200BAAF7C /* install.xml */,
				E4F055FA1293A22200BAAF7C /* src */,
			);
			name = ofxVectorMath;
			path = ../../../addons/ofxVectorMath;
			sourceTree = SOURCE_ROOT;
		};
		E4F055FA1293A22200BAAF7C /* src */ = {
			isa = PBXGroup;
			children = (
				E4F055FB1293A22200BAAF7C /* ofxMatrix3x3.cpp */,
				E4F055FC1293A22200BAAF7C /* ofxMatrix3x3.h */,
				E4F055FD1293A22200BAAF7C /* ofxMatrix4x4.cpp */,
				E4F055FE1293A22200BAAF7C /* ofxMatrix4x4.h */,
				E4F055FF1293A22200BAAF7C /* ofxPoint2f.h */,
				E4F056001293A22200BAAF7C /* ofxPoint3f.h */,
				E4F056011293A22200BAAF7C /* ofxPoint4f.h */,
				E4F056021293A22200BAAF7C /* ofxQuaternion.cpp */,
				E4F056031293A22200BAAF7C /* ofxQuaternion.h */,
				E4F056041293A22200BAAF7C /* ofxVec2f.h */,
				E4F056051293A22200BAAF7C /* ofxVec3f.h */,
				E4F056061293A22200BAAF7C /* ofxVec4f.h */,
				E4F056071293A22200BAAF7C /* ofxVectorMath.h */,
			);
			name = src;
			path = ../../../addons/ofxVectorMath/src;
			sourceTree = SOURCE_ROOT;
		};
/* End PBXGroup section */

/* Begin PBXNativeTarget section */
		E4B69B5A0A3A1756003C02F2 /* msbMilkScanner */ = {
			isa = PBXNativeTarget;
			buildConfigurationList = E4B69B5F0A3A1757003C02F2 /* Build configuration list for PBXNativeTarget "msbMilkScanner" */;
			buildPhases = (
				E4B69B580A3A1756003C02F2 /* Sources */,
				E4B69B590A3A1756003C02F2 /* Frameworks */,
				E4B6FFFD0C3F9AB9008CF71C /* ShellScript */,
				E4C2427710CC5ABF004149E2 /* CopyFiles */,
			);
			buildRules = (
			);
			dependencies = (
			);
			name = msbMilkScanner;
			productName = myOFApp;
			productReference = 185A366B12CA3B990081D585 /* msbMilkscanner.app */;
			productType = "com.apple.product-type.application";
		};
/* End PBXNativeTarget section */

/* Begin PBXProject section */
		E4B69B4C0A3A1720003C02F2 /* Project object */ = {
			isa = PBXProject;
			attributes = {
				BuildIndependentTargetsInParallel = NO;
			};
			buildConfigurationList = E4B69B4D0A3A1720003C02F2 /* Build configuration list for PBXProject "msbMilkscanner" */;
			compatibilityVersion = "Xcode 3.2";
			developmentRegion = English;
			hasScannedForEncodings = 0;
			knownRegions = (
				English,
				Japanese,
				French,
				German,
			);
			mainGroup = E4B69B4A0A3A1720003C02F2;
			productRefGroup = E4B69B4A0A3A1720003C02F2;
			projectDirPath = "";
			projectReferences = (
				{
					ProductGroup = 18B2D7FA1456409F000776CC /* Products */;
					ProjectRef = 18B2D7F91456409F000776CC /* openFrameworksLib.xcodeproj */;
				},
			);
			projectRoot = "";
			targets = (
				E4B69B5A0A3A1756003C02F2 /* msbMilkScanner */,
			);
		};
/* End PBXProject section */

/* Begin PBXReferenceProxy section */
		18B2D7FE1456409F000776CC /* openFrameworksDebug.a */ = {
			isa = PBXReferenceProxy;
			fileType = archive.ar;
			path = openFrameworksDebug.a;
			remoteRef = 18B2D7FD1456409F000776CC /* PBXContainerItemProxy */;
			sourceTree = BUILT_PRODUCTS_DIR;
		};
/* End PBXReferenceProxy section */

/* Begin PBXShellScriptBuildPhase section */
		E4B6FFFD0C3F9AB9008CF71C /* ShellScript */ = {
			isa = PBXShellScriptBuildPhase;
			buildActionMask = 2147483647;
			files = (
			);
			inputPaths = (
			);
			outputPaths = (
			);
			runOnlyForDeploymentPostprocessing = 0;
			shellPath = /bin/sh;
			shellScript = "cp -f ../../../libs/fmodex/lib/osx/libfmodex.dylib \"$TARGET_BUILD_DIR/$PRODUCT_NAME.app/Contents/MacOS/libfmodex.dylib\"\ninstall_name_tool -change ./libfmodex.dylib @executable_path/libfmodex.dylib \"$TARGET_BUILD_DIR/$PRODUCT_NAME.app/Contents/MacOS/$PRODUCT_NAME\" ";
		};
/* End PBXShellScriptBuildPhase section */

/* Begin PBXSourcesBuildPhase section */
		E4B69B580A3A1756003C02F2 /* Sources */ = {
			isa = PBXSourcesBuildPhase;
			buildActionMask = 2147483647;
			files = (
				E4B69E200A3A1BDC003C02F2 /* main.cpp in Sources */,
				E4B69E210A3A1BDC003C02F2 /* testApp.cpp in Sources */,
				307525F511CA84AF007EB8FF /* ofxThread.cpp in Sources */,
				3077439E11CC21820022444F /* ofxCvColorImage.cpp in Sources */,
				3077439F11CC21820022444F /* ofxCvContourFinder.cpp in Sources */,
				307743A011CC21820022444F /* ofxCvFloatImage.cpp in Sources */,
				307743A111CC21820022444F /* ofxCvGrayscaleImage.cpp in Sources */,
				307743A211CC21820022444F /* ofxCvImage.cpp in Sources */,
				307743A311CC21820022444F /* ofxCvShortImage.cpp in Sources */,
				E4F056081293A22200BAAF7C /* ofxMatrix3x3.cpp in Sources */,
				E4F056091293A22200BAAF7C /* ofxMatrix4x4.cpp in Sources */,
				E4F0560A1293A22200BAAF7C /* ofxQuaternion.cpp in Sources */,
				185CE825131DD0FE002DEA21 /* actor.cpp in Sources */,
				185CE826131DD0FE002DEA21 /* basicButton.cpp in Sources */,
				185CE827131DD0FE002DEA21 /* boneActor.cpp in Sources */,
				185CE828131DD0FE002DEA21 /* colladaLoader.cpp in Sources */,
				185CE829131DD0FE002DEA21 /* input.cpp in Sources */,
				185CE82A131DD0FE002DEA21 /* interpolationHelper.cpp in Sources */,
				185CE82B131DD0FE002DEA21 /* layer.cpp in Sources */,
				185CE82C131DD0FE002DEA21 /* meshData.cpp in Sources */,
				185CE82D131DD0FE002DEA21 /* assignButton.cpp in Sources */,
				185CE82E131DD0FE002DEA21 /* listButton.cpp in Sources */,
				185CE82F131DD0FE002DEA21 /* moveButton.cpp in Sources */,
				185CE830131DD0FE002DEA21 /* rotateButton.cpp in Sources */,
				185CE831131DD0FE002DEA21 /* sliderButton.cpp in Sources */,
				185CE832131DD0FE002DEA21 /* textInputButton.cpp in Sources */,
				185CE833131DD0FE002DEA21 /* userPopUp.cpp in Sources */,
				185CE834131DD0FE002DEA21 /* msbLight.cpp in Sources */,
				185CE835131DD0FE002DEA21 /* node.cpp in Sources */,
				185CE836131DD0FE002DEA21 /* nodeIO.cpp in Sources */,
				185CE837131DD0FE002DEA21 /* particleSystem.cpp in Sources */,
				185CE838131DD0FE002DEA21 /* renderer.cpp in Sources */,
				185CE839131DD0FE002DEA21 /* skeletalActor.cpp in Sources */,
				185CE83A131DD0FE002DEA21 /* skeletalDrawing.cpp in Sources */,
				185CE83B131DD0FE002DEA21 /* spriteMeshLoader.cpp in Sources */,
				185CE83C131DD0FE002DEA21 /* textfile.cpp in Sources */,
				185CE83D131DD0FE002DEA21 /* tinyxml.cpp in Sources */,
				185CE83E131DD0FE002DEA21 /* tinyxmlerror.cpp in Sources */,
				185CE83F131DD0FE002DEA21 /* tinyxmlparser.cpp in Sources */,
				185CE840131DD0FE002DEA21 /* vmath.cpp in Sources */,
				185AB1A81452063F009AF571 /* GLee.c in Sources */,
			);
			runOnlyForDeploymentPostprocessing = 0;
		};
/* End PBXSourcesBuildPhase section */

/* Begin XCBuildConfiguration section */
		E4B27CA010CBF8A600536013 /* ReleaseUniversal */ = {
			isa = XCBuildConfiguration;
			buildSettings = {
				ARCHS = i386;
				CONFIGURATION_BUILD_DIR = "$(SRCROOT)/bin/";
				COPY_PHASE_STRIP = YES;
				DEAD_CODE_STRIPPING = YES;
				GCC_AUTO_VECTORIZATION = YES;
				GCC_ENABLE_SSE3_EXTENSIONS = YES;
				GCC_ENABLE_SUPPLEMENTAL_SSE3_INSTRUCTIONS = YES;
				GCC_INLINES_ARE_PRIVATE_EXTERN = NO;
				GCC_MODEL_TUNING = G5;
				GCC_OPTIMIZATION_LEVEL = 3;
				GCC_SYMBOLS_PRIVATE_EXTERN = NO;
				GCC_UNROLL_LOOPS = YES;
				GCC_WARN_ABOUT_DEPRECATED_FUNCTIONS = NO;
				GCC_WARN_ABOUT_INVALID_OFFSETOF_MACRO = NO;
				GCC_WARN_ALLOW_INCOMPLETE_PROTOCOL = NO;
				GCC_WARN_UNINITIALIZED_AUTOS = NO;
				GCC_WARN_UNUSED_VALUE = NO;
				GCC_WARN_UNUSED_VARIABLE = NO;
				HEADER_SEARCH_PATHS = (
					"./**",
					"../../../libs/openFrameworks/**",
					../../../libs/freetype/include/,
					../../../libs/freetype/include/freetype2,
					../../../libs/poco/include,
					../../../addons/,
				);
				OTHER_CPLUSPLUSFLAGS = (
					"-D__MACOSX_CORE__",
					"-lpthread",
				);
				OTHER_LDFLAGS = "";
				PRECOMPS_INCLUDE_HEADERS_FROM_BUILT_PRODUCTS_DIR = YES;
				PRODUCT_NAME = ofMilkscanner;
				SDKROOT = "";
				VALID_ARCHS = i386;
			};
			name = ReleaseUniversal;
		};
		E4B27CA110CBF8A600536013 /* ReleaseUniversal */ = {
			isa = XCBuildConfiguration;
			buildSettings = {
				COPY_PHASE_STRIP = YES;
				FRAMEWORK_SEARCH_PATHS = (
					"$(inherited)",
					"$(FRAMEWORK_SEARCH_PATHS_QUOTED_FOR_TARGET_1)",
				);
				FRAMEWORK_SEARCH_PATHS_QUOTED_FOR_TARGET_1 = "\"$(SRCROOT)/../../../libs/glut/lib/osx\"";
				GCC_ENABLE_FIX_AND_CONTINUE = NO;
				GCC_GENERATE_DEBUGGING_SYMBOLS = NO;
				GCC_MODEL_TUNING = G4;
				GCC_PRECOMPILE_PREFIX_HEADER = YES;
				GCC_PREFIX_HEADER = "$(SYSTEM_LIBRARY_DIR)/Frameworks/Carbon.framework/Headers/Carbon.h";
				INFOPLIST_FILE = "openFrameworks-Info.plist";
				INSTALL_PATH = "$(HOME)/Applications";
				LIBRARY_SEARCH_PATHS = (
					"$(inherited)",
					"$(LIBRARY_SEARCH_PATHS_QUOTED_FOR_TARGET_1)",
					"$(LIBRARY_SEARCH_PATHS_QUOTED_FOR_TARGET_2)",
					"$(LIBRARY_SEARCH_PATHS_QUOTED_FOR_TARGET_3)",
					"$(LIBRARY_SEARCH_PATHS_QUOTED_FOR_TARGET_4)",
					"$(LIBRARY_SEARCH_PATHS_QUOTED_FOR_TARGET_5)",
					"$(LIBRARY_SEARCH_PATHS_QUOTED_FOR_TARGET_6)",
					"$(LIBRARY_SEARCH_PATHS_QUOTED_FOR_TARGET_7)",
					"$(LIBRARY_SEARCH_PATHS_QUOTED_FOR_TARGET_8)",
					"$(LIBRARY_SEARCH_PATHS_QUOTED_FOR_TARGET_9)",
					"$(LIBRARY_SEARCH_PATHS_QUOTED_FOR_TARGET_10)",
					"$(LIBRARY_SEARCH_PATHS_QUOTED_FOR_TARGET_11)",
					"$(LIBRARY_SEARCH_PATHS_QUOTED_FOR_TARGET_12)",
					"$(LIBRARY_SEARCH_PATHS_QUOTED_FOR_TARGET_13)",
					"$(LIBRARY_SEARCH_PATHS_QUOTED_FOR_TARGET_14)",
					"$(LIBRARY_SEARCH_PATHS_QUOTED_FOR_TARGET_15)",
					"$(LIBRARY_SEARCH_PATHS_QUOTED_FOR_TARGET_3)",
					"$(LIBRARY_SEARCH_PATHS_QUOTED_FOR_TARGET_7)",
					"$(LIBRARY_SEARCH_PATHS_QUOTED_1)",
					"$(LIBRARY_SEARCH_PATHS_QUOTED_FOR_TARGET_8)",
					"$(LIBRARY_SEARCH_PATHS_QUOTED_FOR_TARGET_9)",
					"$(LIBRARY_SEARCH_PATHS_QUOTED_2)",
					"$(LIBRARY_SEARCH_PATHS_QUOTED_3)",
					"$(LIBRARY_SEARCH_PATHS_QUOTED_FOR_TARGET_8)",
					"$(LIBRARY_SEARCH_PATHS_QUOTED_FOR_TARGET_9)",
					"\"$(SRCROOT)/../../../libs/openFrameworksCompiled/lib/osx\"",
					"\"$(SRCROOT)/../../../libs/glee/lib/linux\"",
					"\"$(SRCROOT)/../../../libs/glee/lib/linux64\"",
					"\"$(SRCROOT)/../../../libs/glee/lib/osx\"",
					"\"$(SRCROOT)/../../../libs/glee/lib/vs2008\"",
					"\"$(SRCROOT)/../../../libs/glee/lib/vs2010\"",
					"\"$(SRCROOT)/../../../libs/glee/lib/win_cb\"",
					"\"$(SRCROOT)/../../../libs/FreeImage/lib/iphone\"",
					"\"$(SRCROOT)/../../../libs/FreeImage/lib/linux\"",
					"\"$(SRCROOT)/../../../libs/FreeImage/lib/linux64\"",
					"\"$(SRCROOT)/../../../libs/FreeImage/lib/osx\"",
					"\"$(SRCROOT)/../../../libs/FreeImage/lib/vs2008\"",
					"\"$(SRCROOT)/../../../libs/FreeImage/lib/vs2010\"",
					"\"$(SRCROOT)/../../../libs/FreeImage/lib/win_cb\"",
				);
				LIBRARY_SEARCH_PATHS_QUOTED_3 = "\"$(SRCROOT)/src/ofxKinect/libs/libusb/osx/libs\"";
				LIBRARY_SEARCH_PATHS_QUOTED_FOR_TARGET_1 = "\"$(SRCROOT)/../../../libs/freeimage/lib/osx\"";
				LIBRARY_SEARCH_PATHS_QUOTED_FOR_TARGET_10 = "\"$(SRCROOT)/bin\"";
				LIBRARY_SEARCH_PATHS_QUOTED_FOR_TARGET_12 = "\"$(SRCROOT)/../../../addons/ofxOpenCv/libs/opencv/lib/osx\"";
				LIBRARY_SEARCH_PATHS_QUOTED_FOR_TARGET_13 = "\"$(SRCROOT)/../../../addons/ofxOsc/libs/oscpack/lib/osx\"";
				LIBRARY_SEARCH_PATHS_QUOTED_FOR_TARGET_15 = "\"$(SRCROOT)/../../../libs/freetype/lib/osx\"";
				LIBRARY_SEARCH_PATHS_QUOTED_FOR_TARGET_2 = "\"$(SRCROOT)/../../../libs/fmodex/lib/osx\"";
				LIBRARY_SEARCH_PATHS_QUOTED_FOR_TARGET_3 = "\"$(SRCROOT)/../../../libs/FreeImage/lib/osx\"";
				LIBRARY_SEARCH_PATHS_QUOTED_FOR_TARGET_4 = "\"$(SRCROOT)/../../../libs/GLee/lib/osx\"";
				LIBRARY_SEARCH_PATHS_QUOTED_FOR_TARGET_5 = "\"$(SRCROOT)/../../../libs/poco/lib/osx\"";
				LIBRARY_SEARCH_PATHS_QUOTED_FOR_TARGET_6 = "\"$(SRCROOT)/../../../libs/rtAudio/lib/osx\"";
				LIBRARY_SEARCH_PATHS_QUOTED_FOR_TARGET_7 = "\"$(SRCROOT)/../../../addons/ofxOpenCv/libs/opencv/lib/osx\"";
				LIBRARY_SEARCH_PATHS_QUOTED_FOR_TARGET_8 = "\"$(SRCROOT)/src/ofxKinect/libs/libusb/osx/libs\"";
				LIBRARY_SEARCH_PATHS_QUOTED_FOR_TARGET_9 = "\"$(SRCROOT)/src/ofxKinect/libs/libusb/osx/libs\"";
				PREBINDING = NO;
				PRODUCT_NAME = msbMilkscanner;
				WRAPPER_EXTENSION = app;
				ZERO_LINK = NO;
			};
			name = ReleaseUniversal;
		};
		E4B69B4E0A3A1720003C02F2 /* Debug */ = {
			isa = XCBuildConfiguration;
			buildSettings = {
				ARCHS = i386;
				CONFIGURATION_BUILD_DIR = "$(SRCROOT)/bin/";
				COPY_PHASE_STRIP = NO;
				DEAD_CODE_STRIPPING = YES;
				GCC_AUTO_VECTORIZATION = YES;
				GCC_ENABLE_SSE3_EXTENSIONS = YES;
				GCC_ENABLE_SUPPLEMENTAL_SSE3_INSTRUCTIONS = YES;
				GCC_INLINES_ARE_PRIVATE_EXTERN = NO;
				GCC_MODEL_TUNING = G5;
				GCC_SYMBOLS_PRIVATE_EXTERN = NO;
				GCC_VERSION = "";
				GCC_WARN_ABOUT_DEPRECATED_FUNCTIONS = NO;
				GCC_WARN_ABOUT_INVALID_OFFSETOF_MACRO = NO;
				GCC_WARN_ALLOW_INCOMPLETE_PROTOCOL = NO;
				GCC_WARN_UNINITIALIZED_AUTOS = NO;
				GCC_WARN_UNUSED_VALUE = NO;
				GCC_WARN_UNUSED_VARIABLE = NO;
				HEADER_SEARCH_PATHS = (
					"./**",
					"../../../libs/openFrameworks/**",
					../../../libs/freetype/include/,
					../../../libs/freetype/include/freetype2,
					../../../libs/poco/include,
					../../../addons/,
				);
				OTHER_CPLUSPLUSFLAGS = (
					"-D__MACOSX_CORE__",
					"-lpthread",
				);
				OTHER_LDFLAGS = "";
				PRECOMPS_INCLUDE_HEADERS_FROM_BUILT_PRODUCTS_DIR = YES;
				PRODUCT_NAME = ofMilkscanner_Debug;
				SDKROOT = "";
				VALID_ARCHS = i386;
			};
			name = Debug;
		};
		E4B69B4F0A3A1720003C02F2 /* Release */ = {
			isa = XCBuildConfiguration;
			buildSettings = {
				ARCHS = i386;
				CONFIGURATION_BUILD_DIR = "$(SRCROOT)/bin/";
				COPY_PHASE_STRIP = YES;
				DEAD_CODE_STRIPPING = YES;
				GCC_AUTO_VECTORIZATION = YES;
				GCC_ENABLE_SSE3_EXTENSIONS = YES;
				GCC_ENABLE_SUPPLEMENTAL_SSE3_INSTRUCTIONS = YES;
				GCC_INLINES_ARE_PRIVATE_EXTERN = NO;
				GCC_MODEL_TUNING = G5;
				GCC_OPTIMIZATION_LEVEL = 3;
				GCC_SYMBOLS_PRIVATE_EXTERN = NO;
				GCC_UNROLL_LOOPS = YES;
				GCC_WARN_ABOUT_DEPRECATED_FUNCTIONS = NO;
				GCC_WARN_ABOUT_INVALID_OFFSETOF_MACRO = NO;
				GCC_WARN_ALLOW_INCOMPLETE_PROTOCOL = NO;
				GCC_WARN_UNINITIALIZED_AUTOS = NO;
				GCC_WARN_UNUSED_VALUE = NO;
				GCC_WARN_UNUSED_VARIABLE = NO;
				HEADER_SEARCH_PATHS = (
					"./**",
					"../../../libs/openFrameworks/**",
					../../../libs/freetype/include/,
					../../../libs/freetype/include/freetype2,
					../../../libs/poco/include,
					../../../addons/,
				);
				OTHER_CPLUSPLUSFLAGS = (
					"-D__MACOSX_CORE__",
					"-lpthread",
				);
				OTHER_LDFLAGS = "";
				PRECOMPS_INCLUDE_HEADERS_FROM_BUILT_PRODUCTS_DIR = YES;
				PRODUCT_NAME = ofMilkscanner;
				SDKROOT = "";
				VALID_ARCHS = i386;
			};
			name = Release;
		};
		E4B69B600A3A1757003C02F2 /* Debug */ = {
			isa = XCBuildConfiguration;
			buildSettings = {
				COPY_PHASE_STRIP = NO;
				FRAMEWORK_SEARCH_PATHS = (
					"$(inherited)",
					"$(FRAMEWORK_SEARCH_PATHS_QUOTED_FOR_TARGET_1)",
				);
				FRAMEWORK_SEARCH_PATHS_QUOTED_FOR_TARGET_1 = "\"$(SRCROOT)/../../../libs/glut/lib/osx\"";
				GCC_DYNAMIC_NO_PIC = NO;
				GCC_ENABLE_FIX_AND_CONTINUE = YES;
				GCC_GENERATE_DEBUGGING_SYMBOLS = YES;
				GCC_MODEL_TUNING = G4;
				GCC_OPTIMIZATION_LEVEL = 0;
				GCC_PRECOMPILE_PREFIX_HEADER = YES;
				GCC_PREFIX_HEADER = "$(SYSTEM_LIBRARY_DIR)/Frameworks/Carbon.framework/Headers/Carbon.h";
				GCC_VERSION = "";
				INFOPLIST_FILE = "openFrameworks-Info.plist";
				INSTALL_PATH = "$(HOME)/Applications";
				LIBRARY_SEARCH_PATHS = (
					"$(inherited)",
					"$(LIBRARY_SEARCH_PATHS_QUOTED_FOR_TARGET_1)",
					"$(LIBRARY_SEARCH_PATHS_QUOTED_FOR_TARGET_2)",
					"$(LIBRARY_SEARCH_PATHS_QUOTED_FOR_TARGET_3)",
					"$(LIBRARY_SEARCH_PATHS_QUOTED_FOR_TARGET_4)",
					"$(LIBRARY_SEARCH_PATHS_QUOTED_FOR_TARGET_5)",
					"$(LIBRARY_SEARCH_PATHS_QUOTED_FOR_TARGET_6)",
					"$(LIBRARY_SEARCH_PATHS_QUOTED_FOR_TARGET_7)",
					"$(LIBRARY_SEARCH_PATHS_QUOTED_FOR_TARGET_8)",
					"$(LIBRARY_SEARCH_PATHS_QUOTED_FOR_TARGET_9)",
					"$(LIBRARY_SEARCH_PATHS_QUOTED_FOR_TARGET_10)",
					"$(LIBRARY_SEARCH_PATHS_QUOTED_FOR_TARGET_11)",
					"$(LIBRARY_SEARCH_PATHS_QUOTED_FOR_TARGET_12)",
					"$(LIBRARY_SEARCH_PATHS_QUOTED_FOR_TARGET_13)",
					"$(LIBRARY_SEARCH_PATHS_QUOTED_FOR_TARGET_14)",
					"$(LIBRARY_SEARCH_PATHS_QUOTED_FOR_TARGET_15)",
					"$(LIBRARY_SEARCH_PATHS_QUOTED_FOR_TARGET_3)",
					"$(LIBRARY_SEARCH_PATHS_QUOTED_FOR_TARGET_7)",
					"$(LIBRARY_SEARCH_PATHS_QUOTED_FOR_TARGET_8)",
					"$(LIBRARY_SEARCH_PATHS_QUOTED_FOR_TARGET_9)",
					"$(LIBRARY_SEARCH_PATHS_QUOTED_FOR_TARGET_11)",
					"$(LIBRARY_SEARCH_PATHS_QUOTED_1)",
					"$(LIBRARY_SEARCH_PATHS_QUOTED_FOR_TARGET_8)",
					"$(LIBRARY_SEARCH_PATHS_QUOTED_FOR_TARGET_9)",
					"\"$(SRCROOT)/../../../libs/openFrameworksCompiled/lib/osx\"",
					"\"$(SRCROOT)/../../../libs/glee/lib/linux\"",
					"\"$(SRCROOT)/../../../libs/glee/lib/linux64\"",
					"\"$(SRCROOT)/../../../libs/glee/lib/osx\"",
					"\"$(SRCROOT)/../../../libs/glee/lib/vs2008\"",
					"\"$(SRCROOT)/../../../libs/glee/lib/vs2010\"",
					"\"$(SRCROOT)/../../../libs/glee/lib/win_cb\"",
					"\"$(SRCROOT)/../../../libs/FreeImage/lib/iphone\"",
					"\"$(SRCROOT)/../../../libs/FreeImage/lib/linux\"",
					"\"$(SRCROOT)/../../../libs/FreeImage/lib/linux64\"",
					"\"$(SRCROOT)/../../../libs/FreeImage/lib/osx\"",
					"\"$(SRCROOT)/../../../libs/FreeImage/lib/vs2008\"",
					"\"$(SRCROOT)/../../../libs/FreeImage/lib/vs2010\"",
					"\"$(SRCROOT)/../../../libs/FreeImage/lib/win_cb\"",
				);
				LIBRARY_SEARCH_PATHS_QUOTED_1 = "\"$(SRCROOT)/src/ofxKinect/libs/libusb/osx/libs\"";
				LIBRARY_SEARCH_PATHS_QUOTED_FOR_TARGET_1 = "\"$(SRCROOT)/../../../libs/freeimage/lib/osx\"";
				LIBRARY_SEARCH_PATHS_QUOTED_FOR_TARGET_10 = "\"$(SRCROOT)/bin\"";
				LIBRARY_SEARCH_PATHS_QUOTED_FOR_TARGET_12 = "\"$(SRCROOT)/../../../addons/ofxOpenCv/libs/opencv/lib/osx\"";
				LIBRARY_SEARCH_PATHS_QUOTED_FOR_TARGET_13 = "\"$(SRCROOT)/../../../addons/ofxOsc/libs/oscpack/lib/osx\"";
				LIBRARY_SEARCH_PATHS_QUOTED_FOR_TARGET_15 = "\"$(SRCROOT)/../../../libs/freetype/lib/osx\"";
				LIBRARY_SEARCH_PATHS_QUOTED_FOR_TARGET_2 = "\"$(SRCROOT)/../../../libs/fmodex/lib/osx\"";
				LIBRARY_SEARCH_PATHS_QUOTED_FOR_TARGET_3 = "\"$(SRCROOT)/../../../libs/FreeImage/lib/osx\"";
				LIBRARY_SEARCH_PATHS_QUOTED_FOR_TARGET_4 = "\"$(SRCROOT)/../../../libs/GLee/lib/osx\"";
				LIBRARY_SEARCH_PATHS_QUOTED_FOR_TARGET_5 = "\"$(SRCROOT)/../../../libs/poco/lib/osx\"";
				LIBRARY_SEARCH_PATHS_QUOTED_FOR_TARGET_6 = "\"$(SRCROOT)/../../../libs/rtAudio/lib/osx\"";
				LIBRARY_SEARCH_PATHS_QUOTED_FOR_TARGET_7 = "\"$(SRCROOT)/../../../addons/ofxOpenCv/libs/opencv/lib/osx\"";
				LIBRARY_SEARCH_PATHS_QUOTED_FOR_TARGET_8 = "\"$(SRCROOT)/src/ofxKinect/libs/libusb/osx/libs\"";
				LIBRARY_SEARCH_PATHS_QUOTED_FOR_TARGET_9 = "\"$(SRCROOT)/src/ofxKinect/libs/libusb/osx/libs\"";
				OTHER_LDFLAGS = "";
				PREBINDING = NO;
				PRODUCT_NAME = msbMilkscanner;
				WRAPPER_EXTENSION = app;
				ZERO_LINK = NO;
			};
			name = Debug;
		};
		E4B69B610A3A1757003C02F2 /* Release */ = {
			isa = XCBuildConfiguration;
			buildSettings = {
				COPY_PHASE_STRIP = YES;
				FRAMEWORK_SEARCH_PATHS = (
					"$(inherited)",
					"$(FRAMEWORK_SEARCH_PATHS_QUOTED_FOR_TARGET_1)",
				);
				FRAMEWORK_SEARCH_PATHS_QUOTED_FOR_TARGET_1 = "\"$(SRCROOT)/../../../libs/glut/lib/osx\"";
				GCC_ENABLE_FIX_AND_CONTINUE = NO;
				GCC_GENERATE_DEBUGGING_SYMBOLS = NO;
				GCC_MODEL_TUNING = G4;
				GCC_PRECOMPILE_PREFIX_HEADER = YES;
				GCC_PREFIX_HEADER = "$(SYSTEM_LIBRARY_DIR)/Frameworks/Carbon.framework/Headers/Carbon.h";
				INFOPLIST_FILE = "openFrameworks-Info.plist";
				INSTALL_PATH = "$(HOME)/Applications";
				LIBRARY_SEARCH_PATHS = (
					"$(inherited)",
					"$(LIBRARY_SEARCH_PATHS_QUOTED_FOR_TARGET_1)",
					"$(LIBRARY_SEARCH_PATHS_QUOTED_FOR_TARGET_2)",
					"$(LIBRARY_SEARCH_PATHS_QUOTED_FOR_TARGET_3)",
					"$(LIBRARY_SEARCH_PATHS_QUOTED_FOR_TARGET_4)",
					"$(LIBRARY_SEARCH_PATHS_QUOTED_FOR_TARGET_5)",
					"$(LIBRARY_SEARCH_PATHS_QUOTED_FOR_TARGET_6)",
					"$(LIBRARY_SEARCH_PATHS_QUOTED_FOR_TARGET_7)",
					"$(LIBRARY_SEARCH_PATHS_QUOTED_FOR_TARGET_8)",
					"$(LIBRARY_SEARCH_PATHS_QUOTED_FOR_TARGET_9)",
					"$(LIBRARY_SEARCH_PATHS_QUOTED_FOR_TARGET_10)",
					"$(LIBRARY_SEARCH_PATHS_QUOTED_FOR_TARGET_11)",
					"$(LIBRARY_SEARCH_PATHS_QUOTED_FOR_TARGET_12)",
					"$(LIBRARY_SEARCH_PATHS_QUOTED_FOR_TARGET_13)",
					"$(LIBRARY_SEARCH_PATHS_QUOTED_FOR_TARGET_14)",
					"$(LIBRARY_SEARCH_PATHS_QUOTED_FOR_TARGET_15)",
					"$(LIBRARY_SEARCH_PATHS_QUOTED_FOR_TARGET_3)",
					"$(LIBRARY_SEARCH_PATHS_QUOTED_FOR_TARGET_7)",
					"$(LIBRARY_SEARCH_PATHS_QUOTED_1)",
					"$(LIBRARY_SEARCH_PATHS_QUOTED_FOR_TARGET_8)",
					"$(LIBRARY_SEARCH_PATHS_QUOTED_FOR_TARGET_9)",
					"$(LIBRARY_SEARCH_PATHS_QUOTED_FOR_TARGET_11)",
					"$(LIBRARY_SEARCH_PATHS_QUOTED_FOR_TARGET_14)",
					"$(LIBRARY_SEARCH_PATHS_QUOTED_FOR_TARGET_8)",
					"$(LIBRARY_SEARCH_PATHS_QUOTED_FOR_TARGET_9)",
					"\"$(SRCROOT)/../../../libs/openFrameworksCompiled/lib/osx\"",
					"\"$(SRCROOT)/../../../libs/glee/lib/linux\"",
					"\"$(SRCROOT)/../../../libs/glee/lib/linux64\"",
					"\"$(SRCROOT)/../../../libs/glee/lib/osx\"",
					"\"$(SRCROOT)/../../../libs/glee/lib/vs2008\"",
					"\"$(SRCROOT)/../../../libs/glee/lib/vs2010\"",
					"\"$(SRCROOT)/../../../libs/glee/lib/win_cb\"",
					"\"$(SRCROOT)/../../../libs/FreeImage/lib/iphone\"",
					"\"$(SRCROOT)/../../../libs/FreeImage/lib/linux\"",
					"\"$(SRCROOT)/../../../libs/FreeImage/lib/linux64\"",
					"\"$(SRCROOT)/../../../libs/FreeImage/lib/osx\"",
					"\"$(SRCROOT)/../../../libs/FreeImage/lib/vs2008\"",
					"\"$(SRCROOT)/../../../libs/FreeImage/lib/vs2010\"",
					"\"$(SRCROOT)/../../../libs/FreeImage/lib/win_cb\"",
				);
				LIBRARY_SEARCH_PATHS_QUOTED_1 = "\"$(SRCROOT)/libusb-osx/libs\"";
				LIBRARY_SEARCH_PATHS_QUOTED_FOR_TARGET_1 = "\"$(SRCROOT)/../../../libs/freeimage/lib/osx\"";
				LIBRARY_SEARCH_PATHS_QUOTED_FOR_TARGET_10 = "\"$(SRCROOT)/bin\"";
				LIBRARY_SEARCH_PATHS_QUOTED_FOR_TARGET_12 = "\"$(SRCROOT)/../../../addons/ofxOpenCv/libs/opencv/lib/osx\"";
				LIBRARY_SEARCH_PATHS_QUOTED_FOR_TARGET_13 = "\"$(SRCROOT)/../../../addons/ofxOsc/libs/oscpack/lib/osx\"";
				LIBRARY_SEARCH_PATHS_QUOTED_FOR_TARGET_14 = "\"$(SRCROOT)/src/ofxKinect/libs/libusb/osx/libs\"";
				LIBRARY_SEARCH_PATHS_QUOTED_FOR_TARGET_15 = "\"$(SRCROOT)/../../../libs/freetype/lib/osx\"";
				LIBRARY_SEARCH_PATHS_QUOTED_FOR_TARGET_2 = "\"$(SRCROOT)/../../../libs/fmodex/lib/osx\"";
				LIBRARY_SEARCH_PATHS_QUOTED_FOR_TARGET_3 = "\"$(SRCROOT)/../../../libs/FreeImage/lib/osx\"";
				LIBRARY_SEARCH_PATHS_QUOTED_FOR_TARGET_4 = "\"$(SRCROOT)/../../../libs/GLee/lib/osx\"";
				LIBRARY_SEARCH_PATHS_QUOTED_FOR_TARGET_5 = "\"$(SRCROOT)/../../../libs/poco/lib/osx\"";
				LIBRARY_SEARCH_PATHS_QUOTED_FOR_TARGET_6 = "\"$(SRCROOT)/../../../libs/rtAudio/lib/osx\"";
				LIBRARY_SEARCH_PATHS_QUOTED_FOR_TARGET_7 = "\"$(SRCROOT)/../../../addons/ofxOpenCv/libs/opencv/lib/osx\"";
				LIBRARY_SEARCH_PATHS_QUOTED_FOR_TARGET_8 = "\"$(SRCROOT)/src/ofxKinect/libs/libusb/osx/libs\"";
				LIBRARY_SEARCH_PATHS_QUOTED_FOR_TARGET_9 = "\"$(SRCROOT)/src/ofxKinect/libs/libusb/osx/libs\"";
				PREBINDING = NO;
				PRODUCT_NAME = msbMilkscanner;
				WRAPPER_EXTENSION = app;
				ZERO_LINK = NO;
			};
			name = Release;
		};
/* End XCBuildConfiguration section */

/* Begin XCConfigurationList section */
		E4B69B4D0A3A1720003C02F2 /* Build configuration list for PBXProject "msbMilkscanner" */ = {
			isa = XCConfigurationList;
			buildConfigurations = (
				E4B69B4E0A3A1720003C02F2 /* Debug */,
				E4B69B4F0A3A1720003C02F2 /* Release */,
				E4B27CA010CBF8A600536013 /* ReleaseUniversal */,
			);
			defaultConfigurationIsVisible = 0;
			defaultConfigurationName = Release;
		};
		E4B69B5F0A3A1757003C02F2 /* Build configuration list for PBXNativeTarget "msbMilkScanner" */ = {
			isa = XCConfigurationList;
			buildConfigurations = (
				E4B69B600A3A1757003C02F2 /* Debug */,
				E4B69B610A3A1757003C02F2 /* Release */,
				E4B27CA110CBF8A600536013 /* ReleaseUniversal */,
			);
			defaultConfigurationIsVisible = 0;
			defaultConfigurationName = Release;
		};
/* End XCConfigurationList section */
	};
	rootObject = E4B69B4C0A3A1720003C02F2 /* Project object */;
}
