<?xml version="1.0" encoding="UTF-8" standalone="yes" ?>
<CodeBlocks_project_file>
	<FileVersion major="1" minor="6" />
	<Project>
		<Option title="msb_multiHIDinput" />
		<Option makefile="makefile" />
		<Option pch_mode="2" />
		<Option compiler="gcc" />
		<Option virtualFolders="src\;addons\;plib\;plib\js\;plib\util\;sixense\;sixense\sixense_utils\;" />
		<Build>
			<Target title="release">
				<Option output="bin/$(PROJECT_NAME)" prefix_auto="1" extension_auto="1" />
				<Option working_dir="bin" />
				<Option object_output="obj/release" />
				<Option external_deps="../../../libs/openFrameworksCompiled/lib/win_cb/openFrameworks.lib;" />
				<Option type="1" />
				<Option compiler="gcc" />
				<Option projectLinkerOptionsRelation="2" />
				<Compiler>
					<Add option="-O2" />
				</Compiler>
				<Linker>
					<Add option="-s" />
					<Add option="../../../libs/openFrameworksCompiled/lib/win_cb/openFrameworks.lib" />
				</Linker>
			</Target>
			<Target title="debug">
				<Option output="bin/$(PROJECT_NAME)_DEBUG" prefix_auto="1" extension_auto="1" />
				<Option working_dir="bin" />
				<Option object_output="obj/debug/" />
				<Option external_deps="../../../libs/openFrameworksCompiled/lib/win_cb/openFrameworksDebug.lib;" />
				<Option type="1" />
				<Option compiler="gcc" />
				<Option projectLinkerOptionsRelation="2" />
				<Compiler>
					<Add option="-g" />
				</Compiler>
				<Linker>
					<Add option="../../../libs/openFrameworksCompiled/lib/win_cb/openFrameworksDebug.lib" />
				</Linker>
			</Target>
		</Build>
		<Compiler>
			<Add option="-Wno-multichar" />
			<Add directory="../../../libs/glu/include" />
			<Add directory="../../../libs/freetype/include" />
			<Add directory="../../../libs/freetype/include/freetype2" />
			<Add directory="../../../libs/FreeImage/include" />
			<Add directory="../../../libs/quicktime/include" />
			<Add directory="../../../libs/rtAudio/include" />
			<Add directory="../../../libs/fmodex/include" />
			<Add directory="../../../libs/videoInput/include" />
			<Add directory="../../../libs/glew/include" />
			<Add directory="../../../libs/glut/include" />
			<Add directory="../../../libs/glfw/include" />
			<Add directory="../../../libs/openFrameworks" />
			<Add directory="../../../libs/openFrameworks/3d" />
			<Add directory="../../../libs/openFrameworks/app" />
			<Add directory="../../../libs/openFrameworks/communication" />
			<Add directory="../../../libs/openFrameworks/events" />
			<Add directory="../../../libs/openFrameworks/gl" />
			<Add directory="../../../libs/openFrameworks/graphics" />
			<Add directory="../../../libs/openFrameworks/math" />
			<Add directory="../../../libs/openFrameworks/sound" />
			<Add directory="../../../libs/openFrameworks/types" />
			<Add directory="../../../libs/openFrameworks/utils" />
			<Add directory="../../../libs/openFrameworks/video" />
			<Add directory="../../../libs/poco/include" />
			<Add directory="../../../libs/tess2/include" />
			<Add directory="../../../libs/cairo/include/cairo" />
			<Add directory="../../../addons/" />
			<Add directory="../../../addons/ofxOsc/libs" />
			<Add directory="../../../addons/ofxOsc/src" />
			<Add directory="../../../addons/ofxOsc/libs/oscpack" />
			<Add directory="../../../addons/ofxOsc/libs/oscpack/src" />
			<Add directory="../../../addons/ofxOsc/libs/oscpack/src/ip" />
			<Add directory="../../../addons/ofxOsc/libs/oscpack/src/ip/posix" />
			<Add directory="../../../addons/ofxOsc/libs/oscpack/src/ip/win32" />
			<Add directory="../../../addons/ofxOsc/libs/oscpack/src/osc" />
			<Add directory="../../../addons/ofxThreadedImageLoader/libs" />
			<Add directory="../../../addons/ofxThreadedImageLoader/src" />
			<Add directory="../../../addons/ofxXmlSettings/libs" />
			<Add directory="../../../addons/ofxXmlSettings/src" />
			<Add directory="../../../addons/msbOFCore" />
			<Add directory="../../../addons/msbOFCore/vMath" />
			<Add directory="../../../addons/msbOFCore/tinyxml" />
			<Add directory="../../../addons/msbOFCore/msbButtons" />
			<Add directory="src/plib/util" />
			<Add directory="src/plib/js" />
			<Add directory="src/sixense/include" />
			<Add directory="src/sixense/include/sixense_utils" />
			<Add directory="src/sixense/include/sixense_utils/controller_manager" />
		</Compiler>
		<Linker>
			<Add library="..\..\..\libs\FreeImage\lib\win_cb\FreeImage.lib" />
			<Add library="..\..\..\libs\rtAudio\lib\win_cb\librtaudio.a" />
			<Add library="..\..\..\libs\quicktime\lib\win_cb\qtmlClient.lib" />
			<Add library="..\..\..\libs\cairo\lib\win_cb\libcairo.a" />
			<Add library="..\..\..\libs\cairo\lib\win_cb\libpixman-1.a" />
			<Add library="..\..\..\libs\freetype\lib\win_cb\libfreetype.a" />
			<Add library="..\..\..\libs\glut\lib\win_cb\libglut.a" />
			<Add library="..\..\..\libs\glfw\lib\win_cb\libglfw3.a" />
			<Add library="..\..\..\libs\videoInput\lib\win_cb\videoInputLib.a" />
			<Add library="..\..\..\libs\fmodex\lib\win_cb\libfmodex.a" />
			<Add library="..\..\..\libs\glew\lib\win_cb\glew32s.lib" />
			<Add library="..\..\..\libs\glu\lib\win_cb\glu32.lib" />
			<Add library="..\..\..\libs\poco\lib\win_cb\libPocoNetSSL.a" />
			<Add library="..\..\..\libs\poco\lib\win_cb\libPocoCrypto.a" />
			<Add library="..\..\..\libs\poco\lib\win_cb\libPocoNet.a" />
			<Add library="..\..\..\libs\poco\lib\win_cb\libPocoUtil.a" />
			<Add library="..\..\..\libs\poco\lib\win_cb\libPocoXML.a" />
			<Add library="..\..\..\libs\poco\lib\win_cb\libPocoFoundation.a" />
			<Add library="..\..\..\libs\openssl\lib\win_cb\libssl.a" />
			<Add library="..\..\..\libs\openssl\lib\win_cb\libcrypto.a" />
			<Add library="..\..\..\libs\tess2\lib\win_cb\libtess2.a" />
			<Add library="opengl32" />
			<Add library="gdi32" />
			<Add library="msimg32" />
			<Add library="glu32" />
			<Add library="dsound" />
			<Add library="winmm" />
			<Add library="dxguid" />
			<Add library="strmbase" />
			<Add library="strmiids" />
			<Add library="z" />
			<Add library="uuid" />
			<Add library="ole32" />
			<Add library="oleaut32" />
			<Add library="setupapi" />
			<Add library="wsock32" />
			<Add library="ws2_32" />
			<Add library="Iphlpapi" />
			<Add library="Comdlg32" />
			<Add library="src\sixense\lib\sixense.lib" />
			<Add library="src\sixense\lib\sixense_utils.lib" />
		</Linker>
		<ExtraCommands>
			<Add after='xcopy /e /i /y &quot;$(PROJECT_DIR)..\..\..\export\win_cb\*.dll&quot;  &quot;$(PROJECT_DIR)bin&quot;' />
			<Add after='cmd /c if not exist &quot;$(PROJECT_DIR)bin/data&quot; mkdir &quot;$(PROJECT_DIR)bin/data&quot;' />
			<Mode after="always" />
		</ExtraCommands>
		<Unit filename="../../../addons/msbOFCore/actor.cpp" />
		<Unit filename="../../../addons/msbOFCore/actor.h" />
		<Unit filename="../../../addons/msbOFCore/base64Encode.h" />
		<Unit filename="../../../addons/msbOFCore/basicButton.cpp" />
		<Unit filename="../../../addons/msbOFCore/basicButton.h" />
		<Unit filename="../../../addons/msbOFCore/boneActor.cpp" />
		<Unit filename="../../../addons/msbOFCore/boneActor.h" />
		<Unit filename="../../../addons/msbOFCore/colladaLoader.cpp" />
		<Unit filename="../../../addons/msbOFCore/colladaLoader.h" />
		<Unit filename="../../../addons/msbOFCore/includes.h" />
		<Unit filename="../../../addons/msbOFCore/input.cpp" />
		<Unit filename="../../../addons/msbOFCore/input.h" />
		<Unit filename="../../../addons/msbOFCore/interpolationHelper.cpp" />
		<Unit filename="../../../addons/msbOFCore/interpolationHelper.h" />
		<Unit filename="../../../addons/msbOFCore/layer.cpp" />
		<Unit filename="../../../addons/msbOFCore/layer.h" />
		<Unit filename="../../../addons/msbOFCore/meshData.cpp" />
		<Unit filename="../../../addons/msbOFCore/meshData.h" />
		<Unit filename="../../../addons/msbOFCore/msbButtons/assignButton.cpp" />
		<Unit filename="../../../addons/msbOFCore/msbButtons/assignButton.h" />
		<Unit filename="../../../addons/msbOFCore/msbButtons/listButton.cpp" />
		<Unit filename="../../../addons/msbOFCore/msbButtons/listButton.h" />
		<Unit filename="../../../addons/msbOFCore/msbButtons/moveButton.cpp" />
		<Unit filename="../../../addons/msbOFCore/msbButtons/moveButton.h" />
		<Unit filename="../../../addons/msbOFCore/msbButtons/rotateButton.cpp" />
		<Unit filename="../../../addons/msbOFCore/msbButtons/rotateButton.h" />
		<Unit filename="../../../addons/msbOFCore/msbButtons/sliderButton.cpp" />
		<Unit filename="../../../addons/msbOFCore/msbButtons/sliderButton.h" />
		<Unit filename="../../../addons/msbOFCore/msbButtons/textInputButton.cpp" />
		<Unit filename="../../../addons/msbOFCore/msbButtons/textInputButton.h" />
		<Unit filename="../../../addons/msbOFCore/msbButtons/userPopUp.cpp" />
		<Unit filename="../../../addons/msbOFCore/msbButtons/userPopUp.h" />
		<Unit filename="../../../addons/msbOFCore/msbLight.cpp" />
		<Unit filename="../../../addons/msbOFCore/msbLight.h" />
		<Unit filename="../../../addons/msbOFCore/msbOFCore.h" />
		<Unit filename="../../../addons/msbOFCore/node.cpp" />
		<Unit filename="../../../addons/msbOFCore/node.h" />
		<Unit filename="../../../addons/msbOFCore/nodeIO.cpp" />
		<Unit filename="../../../addons/msbOFCore/nodeIO.h" />
		<Unit filename="../../../addons/msbOFCore/particleSystem.cpp" />
		<Unit filename="../../../addons/msbOFCore/particleSystem.h" />
		<Unit filename="../../../addons/msbOFCore/renderer.cpp" />
		<Unit filename="../../../addons/msbOFCore/renderer.h" />
		<Unit filename="../../../addons/msbOFCore/skeletalActor.cpp" />
		<Unit filename="../../../addons/msbOFCore/skeletalActor.h" />
		<Unit filename="../../../addons/msbOFCore/skeletalDrawing.cpp" />
		<Unit filename="../../../addons/msbOFCore/skeletalDrawing.h" />
		<Unit filename="../../../addons/msbOFCore/spriteMeshLoader.cpp" />
		<Unit filename="../../../addons/msbOFCore/spriteMeshLoader.h" />
		<Unit filename="../../../addons/msbOFCore/textfile.cpp" />
		<Unit filename="../../../addons/msbOFCore/textfile.h" />
		<Unit filename="../../../addons/msbOFCore/tinyxml/tinyxml.cpp" />
		<Unit filename="../../../addons/msbOFCore/tinyxml/tinyxml.h" />
		<Unit filename="../../../addons/msbOFCore/tinyxml/tinyxmlerror.cpp" />
		<Unit filename="../../../addons/msbOFCore/tinyxml/tinyxmlparser.cpp" />
		<Unit filename="../../../addons/msbOFCore/vMath/vmath.cpp" />
		<Unit filename="../../../addons/msbOFCore/vMath/vmath.h" />
		<Unit filename="../../../addons/ofxOsc/libs/oscpack/src/ip/IpEndpointName.cpp" />
		<Unit filename="../../../addons/ofxOsc/libs/oscpack/src/ip/IpEndpointName.h" />
		<Unit filename="../../../addons/ofxOsc/libs/oscpack/src/ip/NetworkingUtils.h" />
		<Unit filename="../../../addons/ofxOsc/libs/oscpack/src/ip/PacketListener.h" />
		<Unit filename="../../../addons/ofxOsc/libs/oscpack/src/ip/TimerListener.h" />
		<Unit filename="../../../addons/ofxOsc/libs/oscpack/src/ip/UdpSocket.h" />
		<Unit filename="../../../addons/ofxOsc/libs/oscpack/src/ip/posix/NetworkingUtils.cpp" />
		<Unit filename="../../../addons/ofxOsc/libs/oscpack/src/ip/posix/UdpSocket.cpp" />
		<Unit filename="../../../addons/ofxOsc/libs/oscpack/src/ip/win32/NetworkingUtilsWin.cpp" />
		<Unit filename="../../../addons/ofxOsc/libs/oscpack/src/ip/win32/UdpSocketWin.cpp" />
		<Unit filename="../../../addons/ofxOsc/libs/oscpack/src/osc/MessageMappingOscPacketListener.h" />
		<Unit filename="../../../addons/ofxOsc/libs/oscpack/src/osc/OscException.h" />
		<Unit filename="../../../addons/ofxOsc/libs/oscpack/src/osc/OscHostEndianness.h" />
		<Unit filename="../../../addons/ofxOsc/libs/oscpack/src/osc/OscOutboundPacketStream.cpp" />
		<Unit filename="../../../addons/ofxOsc/libs/oscpack/src/osc/OscOutboundPacketStream.h" />
		<Unit filename="../../../addons/ofxOsc/libs/oscpack/src/osc/OscPacketListener.h" />
		<Unit filename="../../../addons/ofxOsc/libs/oscpack/src/osc/OscPrintReceivedElements.cpp" />
		<Unit filename="../../../addons/ofxOsc/libs/oscpack/src/osc/OscPrintReceivedElements.h" />
		<Unit filename="../../../addons/ofxOsc/libs/oscpack/src/osc/OscReceivedElements.cpp" />
		<Unit filename="../../../addons/ofxOsc/libs/oscpack/src/osc/OscReceivedElements.h" />
		<Unit filename="../../../addons/ofxOsc/libs/oscpack/src/osc/OscTypes.cpp" />
		<Unit filename="../../../addons/ofxOsc/libs/oscpack/src/osc/OscTypes.h" />
		<Unit filename="../../../addons/ofxOsc/src/ofxOsc.h" />
		<Unit filename="../../../addons/ofxOsc/src/ofxOscArg.h" />
		<Unit filename="../../../addons/ofxOsc/src/ofxOscBundle.cpp" />
		<Unit filename="../../../addons/ofxOsc/src/ofxOscBundle.h" />
		<Unit filename="../../../addons/ofxOsc/src/ofxOscMessage.cpp" />
		<Unit filename="../../../addons/ofxOsc/src/ofxOscMessage.h" />
		<Unit filename="../../../addons/ofxOsc/src/ofxOscParameterSync.cpp" />
		<Unit filename="../../../addons/ofxOsc/src/ofxOscParameterSync.h" />
		<Unit filename="../../../addons/ofxOsc/src/ofxOscReceiver.cpp" />
		<Unit filename="../../../addons/ofxOsc/src/ofxOscReceiver.h" />
		<Unit filename="../../../addons/ofxOsc/src/ofxOscSender.cpp" />
		<Unit filename="../../../addons/ofxOsc/src/ofxOscSender.h" />
		<Unit filename="src/main.cpp">
			<Option virtualFolder="src/" />
		</Unit>
		<Unit filename="src/plib/js/js.cxx">
			<Option virtualFolder="plib/js/" />
		</Unit>
		<Unit filename="src/plib/js/js.h">
			<Option virtualFolder="plib/js/" />
		</Unit>
		<Unit filename="src/plib/js/jsBSD.cxx">
			<Option virtualFolder="plib/js/" />
		</Unit>
		<Unit filename="src/plib/js/jsLinux.cxx">
			<Option virtualFolder="plib/js/" />
		</Unit>
		<Unit filename="src/plib/js/jsLinuxOld.cxx">
			<Option virtualFolder="plib/js/" />
		</Unit>
		<Unit filename="src/plib/js/jsMacOS.cxx">
			<Option virtualFolder="plib/js/" />
		</Unit>
		<Unit filename="src/plib/js/jsMacOSX.cxx">
			<Option virtualFolder="plib/js/" />
		</Unit>
		<Unit filename="src/plib/js/jsNone.cxx">
			<Option virtualFolder="plib/js/" />
		</Unit>
		<Unit filename="src/plib/js/jsWindows.cxx">
			<Option virtualFolder="plib/js/" />
		</Unit>
		<Unit filename="src/plib/util/ul.cxx">
			<Option virtualFolder="plib/util/" />
		</Unit>
		<Unit filename="src/plib/util/ul.h">
			<Option virtualFolder="plib/util/" />
		</Unit>
		<Unit filename="src/plib/util/ulClock.cxx">
			<Option virtualFolder="plib/util/" />
		</Unit>
		<Unit filename="src/plib/util/ulError.cxx">
			<Option virtualFolder="plib/util/" />
		</Unit>
		<Unit filename="src/plib/util/ulLinkedList.cxx">
			<Option virtualFolder="plib/util/" />
		</Unit>
		<Unit filename="src/plib/util/ulList.cxx">
			<Option virtualFolder="plib/util/" />
		</Unit>
		<Unit filename="src/plib/util/ulLocal.h">
			<Option virtualFolder="plib/util/" />
		</Unit>
		<Unit filename="src/plib/util/ulRTTI.cxx">
			<Option virtualFolder="plib/util/" />
		</Unit>
		<Unit filename="src/plib/util/ulRTTI.h">
			<Option virtualFolder="plib/util/" />
		</Unit>
		<Unit filename="src/sixense/include/sixense.h">
			<Option virtualFolder="sixense/" />
		</Unit>
		<Unit filename="src/sixense/include/sixense_math.hpp">
			<Option virtualFolder="sixense/" />
		</Unit>
		<Unit filename="src/sixense/include/sixense_utils/button_states.hpp">
			<Option virtualFolder="sixense/sixense_utils/" />
		</Unit>
		<Unit filename="src/sixense/include/sixense_utils/controller_manager/controller_manager.hpp">
			<Option virtualFolder="sixense/sixense_utils/" />
		</Unit>
		<Unit filename="src/sixense/include/sixense_utils/derivatives.hpp">
			<Option virtualFolder="sixense/sixense_utils/" />
		</Unit>
		<Unit filename="src/sixense/include/sixense_utils/event_triggers.hpp">
			<Option virtualFolder="sixense/sixense_utils/" />
		</Unit>
		<Unit filename="src/sixense/include/sixense_utils/export.hpp">
			<Option virtualFolder="sixense/sixense_utils/" />
		</Unit>
		<Unit filename="src/sixense/include/sixense_utils/fps.hpp">
			<Option virtualFolder="sixense/sixense_utils/" />
		</Unit>
		<Unit filename="src/sixense/include/sixense_utils/keyboard_and_mouse_win32.hpp">
			<Option virtualFolder="sixense/sixense_utils/" />
		</Unit>
		<Unit filename="src/sixense/include/sixense_utils/laser_pointer.hpp">
			<Option virtualFolder="sixense/sixense_utils/" />
		</Unit>
		<Unit filename="src/sixense/include/sixense_utils/mouse_pointer.hpp">
			<Option virtualFolder="sixense/sixense_utils/" />
		</Unit>
		<Unit filename="src/sixense/include/sixense_utils/sixense_utils_string.hpp">
			<Option virtualFolder="sixense/sixense_utils/" />
		</Unit>
		<Unit filename="src/sixense/include/sixense_utils/time.hpp">
			<Option virtualFolder="sixense/sixense_utils/" />
		</Unit>
		<Unit filename="src/testApp.cpp">
			<Option virtualFolder="src/" />
		</Unit>
		<Unit filename="src/testApp.h">
			<Option virtualFolder="src/" />
		</Unit>
		<Extensions>
			<code_completion />
			<debugger />
			<envvars />
		</Extensions>
	</Project>
</CodeBlocks_project_file>
