<?xml version="1.0" encoding="UTF-8" standalone="yes" ?>
<CodeBlocks_project_file>
	<FileVersion major="1" minor="6" />
	<Project>
		<Option title="msbKinect" />
		<Option pch_mode="2" />
		<Option default_target="debug" />
		<Option compiler="gcc" />
		<Option virtualFolders="addons\;src\;shaders\;shaders\post\;" />
		<Build>
			<Target title="release">
				<Option output="bin\$(PROJECT_NAME)" prefix_auto="1" extension_auto="1" />
				<Option working_dir="bin" />
				<Option object_output="obj\release" />
				<Option external_deps="..\..\..\libs\openFrameworksCompiled\lib\win_cb\openFrameworks.lib;" />
				<Option type="1" />
				<Option compiler="gcc" />
				<Option projectLinkerOptionsRelation="2" />
				<Compiler>
					<Add option="-O2" />
				</Compiler>
				<Linker>
					<Add option="-s" />
					<Add option="../../../libs/openFrameworksCompiled/lib/win_cb/openFrameworks.lib" />
				</Linker>
				<ExtraCommands>
					<Add after='xcopy /e /i /y &quot;$(PROJECT_DIR)..\..\..\export\win_cb\*.dll&quot;  &quot;$(PROJECT_DIR)bin&quot;' />
					<Add after='cmd /c if not exist &quot;$(PROJECT_DIR)bin/data&quot; mkdir &quot;$(PROJECT_DIR)bin/data&quot;' />
					<Mode after="always" />
				</ExtraCommands>
			</Target>
			<Target title="debug">
				<Option output="bin\$(PROJECT_NAME)" prefix_auto="1" extension_auto="1" />
				<Option working_dir="bin" />
				<Option object_output="obj\debug\" />
				<Option external_deps="..\..\..\libs\openFrameworksCompiled\lib\win_cb\openFrameworksDebug.lib;" />
				<Option type="1" />
				<Option compiler="gcc" />
				<Option projectLinkerOptionsRelation="2" />
				<Compiler>
					<Add option="-g" />
				</Compiler>
				<Linker>
					<Add option="../../../libs/openFrameworksCompiled/lib/win_cb/openFrameworksDebug.lib" />
					<Add library="..\..\..\addons\ofxKinectOpenNI\NITE\Lib\XnVNITE_1_4_1.lib" />
					<Add library="..\..\..\addons\ofxKinectOpenNI\NITE\Lib\XnVCNITE_1_4_1.lib" />
				</Linker>
				<ExtraCommands>
					<Add after='xcopy /e /i /y &quot;$(PROJECT_DIR)..\..\..\export\win_cb\*.dll&quot;  &quot;$(PROJECT_DIR)bin&quot;' />
					<Add after='cmd /c if not exist &quot;$(PROJECT_DIR)bin/data&quot; mkdir &quot;$(PROJECT_DIR)bin/data&quot;' />
					<Mode after="always" />
				</ExtraCommands>
			</Target>
			<Target title="msbDeploy">
				<Option output="..\..\..\..\Moviesandbox\tools\msbKinect\$(PROJECT_NAME)" prefix_auto="1" extension_auto="1" />
				<Option working_dir="..\..\..\..\Moviesandbox\tools\msbKinect" />
				<Option object_output="obj\release" />
				<Option external_deps="..\..\..\libs\openFrameworksCompiled\lib\win_cb\openFrameworks.lib;" />
				<Option type="1" />
				<Option compiler="gcc" />
				<Option projectLinkerOptionsRelation="2" />
				<Compiler>
					<Add option="-O2" />
				</Compiler>
				<Linker>
					<Add option="-s" />
					<Add option="../../../libs/openFrameworksCompiled/lib/win_cb/openFrameworks.lib" />
				</Linker>
				<ExtraCommands>
					<Add after='xcopy /e /i /y &quot;$(PROJECT_DIR)..\..\..\export\win_cb\*.dll&quot;  &quot;$(PROJECT_DIR)..\..\..\..\Moviesandbox\tools\msbKinect&quot;' />
					<Mode after="always" />
				</ExtraCommands>
			</Target>
		</Build>
		<Compiler>
			<Add option="-Wno-multichar" />
			<Add option="-DTARGET_WIN32" />
			<Add directory="..\..\..\libs\glu\include" />
			<Add directory="..\..\..\libs\freetype\include" />
			<Add directory="..\..\..\libs\freetype\include\freetype2" />
			<Add directory="..\..\..\libs\FreeImage\include" />
			<Add directory="..\..\..\libs\quicktime\include" />
			<Add directory="..\..\..\libs\rtAudio\include" />
			<Add directory="..\..\..\libs\fmodex\include" />
			<Add directory="..\..\..\libs\videoInput\include" />
			<Add directory="..\..\..\libs\glee\include" />
			<Add directory="..\..\..\libs\glut\include" />
			<Add directory="..\..\..\libs\openFrameworks" />
			<Add directory="..\..\..\libs\openFrameworks\app" />
			<Add directory="..\..\..\libs\openFrameworks\events" />
			<Add directory="..\..\..\libs\openFrameworks\graphics" />
			<Add directory="..\..\..\libs\openFrameworks\utils" />
			<Add directory="..\..\..\libs\openFrameworks\sound" />
			<Add directory="..\..\..\libs\openFrameworks\video" />
			<Add directory="..\..\..\libs\openFrameworks\communication" />
			<Add directory="..\..\..\libs\poco\include" />
			<Add directory="..\..\..\addons\ofxOpenCv\src" />
			<Add directory="..\..\..\addons\ofxOpenCv\libs\opencv\include" />
			<Add directory="..\..\..\addons\ofxOpenCv\libs\opencv\lib\win_cb" />
			<Add directory="..\..\..\addons\ofxThread\src" />
			<Add directory="..\..\..\addons\ofxVectorMath\src" />
			<Add directory="..\..\..\addons\ofxKinectOpenNI\openNI\Include" />
			<Add directory="..\..\..\addons\ofxKinectOpenNI\openNI\Include\Win32" />
			<Add directory="..\..\..\addons\ofxKinectOpenNI" />
			<Add directory="..\..\..\addons\msbOFCore" />
			<Add directory="..\..\..\addons\msbOFCore\vMath" />
			<Add directory="..\..\..\addons\msbOFCore\tinyxml" />
			<Add directory="..\..\..\addons\msbOFCore\msbButtons" />
			<Add directory="..\..\..\addons\ofxKinectOpenNI\NITE\Include" />
			<Add directory="..\..\..\addons\ofxOsc\src" />
			<Add directory="..\..\..\addons\ofxOsc\libs\oscpack\include\ip" />
			<Add directory="..\..\..\addons\ofxOsc\libs\oscpack\include\osc" />
		</Compiler>
		<Linker>
			<Add option="../../../libs/FreeImage/lib/win_cb/FreeImage.lib" />
			<Add option="../../../libs/rtAudio/lib/win_cb/RtAudio.a" />
			<Add option="../../../libs/quicktime/lib/win_cb/qtmlClient.lib" />
			<Add option="../../../libs/freetype/lib/win_cb/libfreetype.a" />
			<Add option="../../../libs/glut/lib/win_cb/libglut.a" />
			<Add option="../../../libs/videoInput/lib/win_cb/videoInputLib.a" />
			<Add option="../../../libs/fmodex/lib/win_cb/libfmodex.a" />
			<Add option="../../../libs/glee/lib/win_cb/GLee.lib" />
			<Add option="../../../libs/glu/lib/win_cb/glu32.lib" />
			<Add option="../../../libs/poco/lib/win_cb/libPocoNetmt.a" />
			<Add option="../../../libs/poco/lib/win_cb/libPocoUtilmt.a" />
			<Add option="../../../libs/poco/lib/win_cb/libPocoXMLmt.a" />
			<Add option="../../../libs/poco/lib/win_cb/libPocoFoundationmt.a" />
			<Add option="../../../addons/ofxOpenCv/libs/opencv/lib/win_cb/libcv.a" />
			<Add option="../../../addons/ofxOpenCv/libs/opencv/lib/win_cb/libcxcore.a" />
			<Add option="../../../addons/ofxOsc/libs/oscpack/lib/win_cb/oscpack.a" />
			<Add option="-lopengl32" />
			<Add option="-lglu32" />
			<Add option="-ldsound" />
			<Add option="-lwinmm" />
			<Add option="-ldxguid" />
			<Add option="-lstrmiids" />
			<Add option="-luuid" />
			<Add option="-lole32" />
			<Add option="-loleaut32" />
			<Add option="-lsetupapi" />
			<Add option="-lwsock32" />
			<Add option="-lws2_32" />
			<Add option="-lIphlpapi" />
			<Add library="..\..\..\addons\ofxKinectOpenNI\openNI\Lib\Win32\openNI.lib" />
			<Add library="winmm" />
			<Add library="gdi32" />
			<Add library="wsock32" />
			<Add library="ws2_32" />
			<Add library="..\..\..\addons\ofxKinectOpenNI\NITE\Lib\XnVCNITE_1_4_1.lib" />
			<Add library="..\..\..\addons\ofxKinectOpenNI\NITE\Lib\XnVNITE_1_4_1.lib" />
		</Linker>
		<Unit filename="..\..\..\addons\msbOFCore\actor.cpp" />
		<Unit filename="..\..\..\addons\msbOFCore\actor.h" />
		<Unit filename="..\..\..\addons\msbOFCore\base64Encode.h" />
		<Unit filename="..\..\..\addons\msbOFCore\basicButton.cpp" />
		<Unit filename="..\..\..\addons\msbOFCore\basicButton.h" />
		<Unit filename="..\..\..\addons\msbOFCore\boneActor.cpp" />
		<Unit filename="..\..\..\addons\msbOFCore\boneActor.h" />
		<Unit filename="..\..\..\addons\msbOFCore\colladaLoader.cpp" />
		<Unit filename="..\..\..\addons\msbOFCore\colladaLoader.h" />
		<Unit filename="..\..\..\addons\msbOFCore\includes.h" />
		<Unit filename="..\..\..\addons\msbOFCore\input.cpp" />
		<Unit filename="..\..\..\addons\msbOFCore\input.h" />
		<Unit filename="..\..\..\addons\msbOFCore\interpolationHelper.cpp" />
		<Unit filename="..\..\..\addons\msbOFCore\interpolationHelper.h" />
		<Unit filename="..\..\..\addons\msbOFCore\layer.cpp" />
		<Unit filename="..\..\..\addons\msbOFCore\layer.h" />
		<Unit filename="..\..\..\addons\msbOFCore\meshData.cpp" />
		<Unit filename="..\..\..\addons\msbOFCore\meshData.h" />
		<Unit filename="..\..\..\addons\msbOFCore\msbButtons\assignButton.cpp" />
		<Unit filename="..\..\..\addons\msbOFCore\msbButtons\assignButton.h" />
		<Unit filename="..\..\..\addons\msbOFCore\msbButtons\listButton.cpp" />
		<Unit filename="..\..\..\addons\msbOFCore\msbButtons\listButton.h" />
		<Unit filename="..\..\..\addons\msbOFCore\msbButtons\moveButton.cpp" />
		<Unit filename="..\..\..\addons\msbOFCore\msbButtons\moveButton.h" />
		<Unit filename="..\..\..\addons\msbOFCore\msbButtons\rotateButton.cpp" />
		<Unit filename="..\..\..\addons\msbOFCore\msbButtons\rotateButton.h" />
		<Unit filename="..\..\..\addons\msbOFCore\msbButtons\sliderButton.cpp" />
		<Unit filename="..\..\..\addons\msbOFCore\msbButtons\sliderButton.h" />
		<Unit filename="..\..\..\addons\msbOFCore\msbButtons\textInputButton.cpp" />
		<Unit filename="..\..\..\addons\msbOFCore\msbButtons\textInputButton.h" />
		<Unit filename="..\..\..\addons\msbOFCore\msbButtons\userPopUp.cpp" />
		<Unit filename="..\..\..\addons\msbOFCore\msbButtons\userPopUp.h" />
		<Unit filename="..\..\..\addons\msbOFCore\msbLight.cpp" />
		<Unit filename="..\..\..\addons\msbOFCore\msbLight.h" />
		<Unit filename="..\..\..\addons\msbOFCore\msbOFCore.h" />
		<Unit filename="..\..\..\addons\msbOFCore\node.cpp" />
		<Unit filename="..\..\..\addons\msbOFCore\node.h" />
		<Unit filename="..\..\..\addons\msbOFCore\nodeIO.cpp" />
		<Unit filename="..\..\..\addons\msbOFCore\nodeIO.h" />
		<Unit filename="..\..\..\addons\msbOFCore\particleSystem.cpp" />
		<Unit filename="..\..\..\addons\msbOFCore\particleSystem.h" />
		<Unit filename="..\..\..\addons\msbOFCore\renderer.cpp" />
		<Unit filename="..\..\..\addons\msbOFCore\renderer.h" />
		<Unit filename="..\..\..\addons\msbOFCore\skeletalActor.cpp" />
		<Unit filename="..\..\..\addons\msbOFCore\skeletalActor.h" />
		<Unit filename="..\..\..\addons\msbOFCore\skeletalDrawing.cpp" />
		<Unit filename="..\..\..\addons\msbOFCore\skeletalDrawing.h" />
		<Unit filename="..\..\..\addons\msbOFCore\spriteMeshLoader.cpp" />
		<Unit filename="..\..\..\addons\msbOFCore\spriteMeshLoader.h" />
		<Unit filename="..\..\..\addons\msbOFCore\textfile.cpp" />
		<Unit filename="..\..\..\addons\msbOFCore\textfile.h" />
		<Unit filename="..\..\..\addons\msbOFCore\tinyxml\tinyxml.cpp" />
		<Unit filename="..\..\..\addons\msbOFCore\tinyxml\tinyxml.h" />
		<Unit filename="..\..\..\addons\msbOFCore\tinyxml\tinyxmlerror.cpp" />
		<Unit filename="..\..\..\addons\msbOFCore\tinyxml\tinyxmlparser.cpp" />
		<Unit filename="..\..\..\addons\msbOFCore\vMath\vmath.cpp" />
		<Unit filename="..\..\..\addons\msbOFCore\vMath\vmath.h" />
		<Unit filename="..\..\..\addons\ofxKinectOpenNI\ofxKinect.cpp" />
		<Unit filename="..\..\..\addons\ofxKinectOpenNI\ofxKinect.h" />
		<Unit filename="..\..\..\addons\ofxKinectOpenNI\openNI\Include\IXnNodeAllocator.h" />
		<Unit filename="..\..\..\addons\ofxKinectOpenNI\openNI\Include\XnBaseNode.h" />
		<Unit filename="..\..\..\addons\ofxKinectOpenNI\openNI\Include\XnCallback.h" />
		<Unit filename="..\..\..\addons\ofxKinectOpenNI\openNI\Include\XnCodecIDs.h" />
		<Unit filename="..\..\..\addons\ofxKinectOpenNI\openNI\Include\XnContext.h" />
		<Unit filename="..\..\..\addons\ofxKinectOpenNI\openNI\Include\XnCppWrapper.h" />
		<Unit filename="..\..\..\addons\ofxKinectOpenNI\openNI\Include\XnDataTypes.h" />
		<Unit filename="..\..\..\addons\ofxKinectOpenNI\openNI\Include\XnEnumerationErrors.h" />
		<Unit filename="..\..\..\addons\ofxKinectOpenNI\openNI\Include\XnEvent.h" />
		<Unit filename="..\..\..\addons\ofxKinectOpenNI\openNI\Include\XnFPSCalculator.h" />
		<Unit filename="..\..\..\addons\ofxKinectOpenNI\openNI\Include\XnGeneralBuffer.h" />
		<Unit filename="..\..\..\addons\ofxKinectOpenNI\openNI\Include\XnHash.h" />
		<Unit filename="..\..\..\addons\ofxKinectOpenNI\openNI\Include\XnInternalDefs.h" />
		<Unit filename="..\..\..\addons\ofxKinectOpenNI\openNI\Include\XnLicensing.h" />
		<Unit filename="..\..\..\addons\ofxKinectOpenNI\openNI\Include\XnList.h" />
		<Unit filename="..\..\..\addons\ofxKinectOpenNI\openNI\Include\XnLog.h" />
		<Unit filename="..\..\..\addons\ofxKinectOpenNI\openNI\Include\XnMacros.h" />
		<Unit filename="..\..\..\addons\ofxKinectOpenNI\openNI\Include\XnModuleCppInterface.h" />
		<Unit filename="..\..\..\addons\ofxKinectOpenNI\openNI\Include\XnModuleCppRegistratration.h" />
		<Unit filename="..\..\..\addons\ofxKinectOpenNI\openNI\Include\XnModuleInterface.h" />
		<Unit filename="..\..\..\addons\ofxKinectOpenNI\openNI\Include\XnNode.h" />
		<Unit filename="..\..\..\addons\ofxKinectOpenNI\openNI\Include\XnNodeAllocator.h" />
		<Unit filename="..\..\..\addons\ofxKinectOpenNI\openNI\Include\XnOS.h" />
		<Unit filename="..\..\..\addons\ofxKinectOpenNI\openNI\Include\XnOSCpp.h" />
		<Unit filename="..\..\..\addons\ofxKinectOpenNI\openNI\Include\XnOpenNI.h" />
		<Unit filename="..\..\..\addons\ofxKinectOpenNI\openNI\Include\XnPlatform.h" />
		<Unit filename="..\..\..\addons\ofxKinectOpenNI\openNI\Include\XnPrdNode.h" />
		<Unit filename="..\..\..\addons\ofxKinectOpenNI\openNI\Include\XnPrdNodeInfo.h" />
		<Unit filename="..\..\..\addons\ofxKinectOpenNI\openNI\Include\XnPrdNodeInfoList.h" />
		<Unit filename="..\..\..\addons\ofxKinectOpenNI\openNI\Include\XnProfiling.h" />
		<Unit filename="..\..\..\addons\ofxKinectOpenNI\openNI\Include\XnPropNames.h" />
		<Unit filename="..\..\..\addons\ofxKinectOpenNI\openNI\Include\XnQueries.h" />
		<Unit filename="..\..\..\addons\ofxKinectOpenNI\openNI\Include\XnQueue.h" />
		<Unit filename="..\..\..\addons\ofxKinectOpenNI\openNI\Include\XnScheduler.h" />
		<Unit filename="..\..\..\addons\ofxKinectOpenNI\openNI\Include\XnStack.h" />
		<Unit filename="..\..\..\addons\ofxKinectOpenNI\openNI\Include\XnStatus.h" />
		<Unit filename="..\..\..\addons\ofxKinectOpenNI\openNI\Include\XnStatusCodes.h" />
		<Unit filename="..\..\..\addons\ofxKinectOpenNI\openNI\Include\XnStatusRegister.h" />
		<Unit filename="..\..\..\addons\ofxKinectOpenNI\openNI\Include\XnStringsHash.h" />
		<Unit filename="..\..\..\addons\ofxKinectOpenNI\openNI\Include\XnThreadSafeQueue.h" />
		<Unit filename="..\..\..\addons\ofxKinectOpenNI\openNI\Include\XnTypes.h" />
		<Unit filename="..\..\..\addons\ofxKinectOpenNI\openNI\Include\XnUSB.h" />
		<Unit filename="..\..\..\addons\ofxKinectOpenNI\openNI\Include\XnUtils.h" />
		<Unit filename="..\..\..\addons\ofxKinectOpenNI\openNI\Include\XnVersion.h" />
		<Unit filename="..\..\..\addons\ofxOpenCv\src\ofxCvBlob.h" />
		<Unit filename="..\..\..\addons\ofxOpenCv\src\ofxCvColorImage.cpp" />
		<Unit filename="..\..\..\addons\ofxOpenCv\src\ofxCvColorImage.h" />
		<Unit filename="..\..\..\addons\ofxOpenCv\src\ofxCvConstants.h" />
		<Unit filename="..\..\..\addons\ofxOpenCv\src\ofxCvContourFinder.cpp" />
		<Unit filename="..\..\..\addons\ofxOpenCv\src\ofxCvContourFinder.h" />
		<Unit filename="..\..\..\addons\ofxOpenCv\src\ofxCvFloatImage.cpp" />
		<Unit filename="..\..\..\addons\ofxOpenCv\src\ofxCvFloatImage.h" />
		<Unit filename="..\..\..\addons\ofxOpenCv\src\ofxCvGrayscaleImage.cpp" />
		<Unit filename="..\..\..\addons\ofxOpenCv\src\ofxCvGrayscaleImage.h" />
		<Unit filename="..\..\..\addons\ofxOpenCv\src\ofxCvImage.cpp" />
		<Unit filename="..\..\..\addons\ofxOpenCv\src\ofxCvImage.h" />
		<Unit filename="..\..\..\addons\ofxOpenCv\src\ofxCvMain.h" />
		<Unit filename="..\..\..\addons\ofxOpenCv\src\ofxCvShortImage.cpp" />
		<Unit filename="..\..\..\addons\ofxOpenCv\src\ofxCvShortImage.h" />
		<Unit filename="..\..\..\addons\ofxOpenCv\src\ofxOpenCv.h" />
		<Unit filename="..\..\..\addons\ofxOsc\src\ofxOsc.h" />
		<Unit filename="..\..\..\addons\ofxOsc\src\ofxOscArg.h" />
		<Unit filename="..\..\..\addons\ofxOsc\src\ofxOscBundle.cpp" />
		<Unit filename="..\..\..\addons\ofxOsc\src\ofxOscBundle.h" />
		<Unit filename="..\..\..\addons\ofxOsc\src\ofxOscMessage.cpp" />
		<Unit filename="..\..\..\addons\ofxOsc\src\ofxOscMessage.h" />
		<Unit filename="..\..\..\addons\ofxOsc\src\ofxOscReceiver.cpp" />
		<Unit filename="..\..\..\addons\ofxOsc\src\ofxOscReceiver.h" />
		<Unit filename="..\..\..\addons\ofxOsc\src\ofxOscSender.cpp" />
		<Unit filename="..\..\..\addons\ofxOsc\src\ofxOscSender.h" />
		<Unit filename="..\..\..\addons\ofxThread\src\ofxThread.cpp" />
		<Unit filename="..\..\..\addons\ofxThread\src\ofxThread.h" />
		<Unit filename="..\..\..\addons\ofxVectorMath\src\ofxMatrix3x3.cpp" />
		<Unit filename="..\..\..\addons\ofxVectorMath\src\ofxMatrix3x3.h" />
		<Unit filename="..\..\..\addons\ofxVectorMath\src\ofxMatrix4x4.cpp" />
		<Unit filename="..\..\..\addons\ofxVectorMath\src\ofxMatrix4x4.h" />
		<Unit filename="..\..\..\addons\ofxVectorMath\src\ofxPoint2f.h" />
		<Unit filename="..\..\..\addons\ofxVectorMath\src\ofxPoint3f.h" />
		<Unit filename="..\..\..\addons\ofxVectorMath\src\ofxPoint4f.h" />
		<Unit filename="..\..\..\addons\ofxVectorMath\src\ofxQuaternion.cpp" />
		<Unit filename="..\..\..\addons\ofxVectorMath\src\ofxQuaternion.h" />
		<Unit filename="..\..\..\addons\ofxVectorMath\src\ofxVec2f.h" />
		<Unit filename="..\..\..\addons\ofxVectorMath\src\ofxVec3f.h" />
		<Unit filename="..\..\..\addons\ofxVectorMath\src\ofxVec4f.h" />
		<Unit filename="..\..\..\addons\ofxVectorMath\src\ofxVectorMath.h" />
		<Unit filename="bin\shaders\color.frag">
			<Option virtualFolder="shaders\" />
		</Unit>
		<Unit filename="bin\shaders\color.vert">
			<Option virtualFolder="shaders\" />
		</Unit>
		<Unit filename="bin\shaders\drawing.frag">
			<Option virtualFolder="shaders\" />
		</Unit>
		<Unit filename="bin\shaders\drawing.vert">
			<Option virtualFolder="shaders\" />
		</Unit>
		<Unit filename="bin\shaders\font.frag">
			<Option virtualFolder="shaders\" />
		</Unit>
		<Unit filename="bin\shaders\font.vert">
			<Option virtualFolder="shaders\" />
		</Unit>
		<Unit filename="bin\shaders\particleHeightFieldRect.frag">
			<Option virtualFolder="shaders\" />
		</Unit>
		<Unit filename="bin\shaders\particleHeightFieldRect.vert">
			<Option virtualFolder="shaders\" />
		</Unit>
		<Unit filename="bin\shaders\post\deferredLight.frag">
			<Option virtualFolder="shaders\post\" />
		</Unit>
		<Unit filename="bin\shaders\post\post.frag">
			<Option virtualFolder="shaders\post\" />
		</Unit>
		<Unit filename="bin\shaders\post\post.vert">
			<Option virtualFolder="shaders\post\" />
		</Unit>
		<Unit filename="bin\shaders\skeletal.frag">
			<Option virtualFolder="shaders\" />
		</Unit>
		<Unit filename="bin\shaders\skeletal.vert">
			<Option virtualFolder="shaders\" />
		</Unit>
		<Unit filename="bin\shaders\skinning.frag">
			<Option virtualFolder="shaders\" />
		</Unit>
		<Unit filename="bin\shaders\skinning.vert">
			<Option virtualFolder="shaders\" />
		</Unit>
		<Unit filename="bin\shaders\texture.frag">
			<Option virtualFolder="shaders\" />
		</Unit>
		<Unit filename="bin\shaders\texture.vert">
			<Option virtualFolder="shaders\" />
		</Unit>
		<Unit filename="src\main.cpp">
			<Option virtualFolder="src\" />
		</Unit>
		<Unit filename="src\testApp.cpp">
			<Option virtualFolder="src\" />
		</Unit>
		<Unit filename="src\testApp.h">
			<Option virtualFolder="src\" />
		</Unit>
		<Extensions>
			<code_completion />
			<debugger />
			<envvars />
		</Extensions>
	</Project>
</CodeBlocks_project_file>
